// !$*UTF8*$!
{
	archiveVersion = 1;
	classes = {
	};
	objectVersion = 46;
	objects = {

/* Begin PBXBuildFile section */
		1D3623EC0D0F72F000981E51 /* CoreGraphics.framework in Frameworks */ = {isa = PBXBuildFile; fileRef = 1D3623EB0D0F72F000981E51 /* CoreGraphics.framework */; };
		1D60589B0D05DD56006BFB54 /* main.m in Sources */ = {isa = PBXBuildFile; fileRef = 29B97316FDCFA39411CA2CEA /* main.m */; };
		1D60589E0D05DD5A006BFB54 /* CoreFoundation.framework in Frameworks */ = {isa = PBXBuildFile; fileRef = 1DC4B2650D05D9C8003A8154 /* CoreFoundation.framework */; };
		1DF5F4E00D08C38300B7A737 /* UIKit.framework in Frameworks */ = {isa = PBXBuildFile; fileRef = 1DF5F4DF0D08C38300B7A737 /* UIKit.framework */; };
		531F16A70D6367A3003D33FB /* PageTwoViewController.m in Sources */ = {isa = PBXBuildFile; fileRef = 531F16970D6367A3003D33FB /* PageTwoViewController.m */; };
		531F16A80D6367A3003D33FB /* PageOneViewController.m in Sources */ = {isa = PBXBuildFile; fileRef = 531F16980D6367A3003D33FB /* PageOneViewController.m */; };
		531F16A90D6367A3003D33FB /* AppDelegate.m in Sources */ = {isa = PBXBuildFile; fileRef = 531F16990D6367A3003D33FB /* AppDelegate.m */; };
		531F16AA0D6367A3003D33FB /* PageThreeViewController.m in Sources */ = {isa = PBXBuildFile; fileRef = 531F169C0D6367A3003D33FB /* PageThreeViewController.m */; };
		537204D40DC28C260048CDA2 /* PageThreeViewController.xib in Resources */ = {isa = PBXBuildFile; fileRef = 537204C80DC28C260048CDA2 /* PageThreeViewController.xib */; };
		537204D50DC28C260048CDA2 /* PageFiveViewController.xib in Resources */ = {isa = PBXBuildFile; fileRef = 537204CA0DC28C260048CDA2 /* PageFiveViewController.xib */; };
		537204D60DC28C260048CDA2 /* PageFourViewController.xib in Resources */ = {isa = PBXBuildFile; fileRef = 537204CC0DC28C260048CDA2 /* PageFourViewController.xib */; };
		537204D70DC28C260048CDA2 /* MainWindow.xib in Resources */ = {isa = PBXBuildFile; fileRef = 537204CE0DC28C260048CDA2 /* MainWindow.xib */; };
		537204D80DC28C260048CDA2 /* PageOneViewController.xib in Resources */ = {isa = PBXBuildFile; fileRef = 537204D00DC28C260048CDA2 /* PageOneViewController.xib */; };
		537204D90DC28C260048CDA2 /* PageTwoViewController.xib in Resources */ = {isa = PBXBuildFile; fileRef = 537204D20DC28C260048CDA2 /* PageTwoViewController.xib */; };
		537204DE0DC28C310048CDA2 /* Localizable.strings in Resources */ = {isa = PBXBuildFile; fileRef = 537204DA0DC28C310048CDA2 /* Localizable.strings */; };
		537204DF0DC28C310048CDA2 /* InfoPlist.strings in Resources */ = {isa = PBXBuildFile; fileRef = 537204DC0DC28C310048CDA2 /* InfoPlist.strings */; };
		538F313D0D9D5E6A0064A664 /* PageFiveViewController.m in Sources */ = {isa = PBXBuildFile; fileRef = 538F313C0D9D5E6A0064A664 /* PageFiveViewController.m */; };
		53A79EB90D70DF2A005FAC2C /* PageFourViewController.m in Sources */ = {isa = PBXBuildFile; fileRef = 53A79EB80D70DF2A005FAC2C /* PageFourViewController.m */; };
		53D090D90FA2391E00BB0543 /* Foundation.framework in Frameworks */ = {isa = PBXBuildFile; fileRef = 1D30AB110D05D00D00671497 /* Foundation.framework */; };
		C41387F018E73A7B00BB84CF /* back12.png in Resources */ = {isa = PBXBuildFile; fileRef = C41387EF18E73A7B00BB84CF /* back12.png */; };
		C41387F218E73A8100BB84CF /* forward12.png in Resources */ = {isa = PBXBuildFile; fileRef = C41387F118E73A8100BB84CF /* forward12.png */; };
		C41E005F11FE7C370026DD31 /* PageNineViewController.m in Sources */ = {isa = PBXBuildFile; fileRef = C41E005D11FE7C370026DD31 /* PageNineViewController.m */; };
		C41E006011FE7C370026DD31 /* PageNineViewController.xib in Resources */ = {isa = PBXBuildFile; fileRef = C41E005E11FE7C370026DD31 /* PageNineViewController.xib */; };
		C41EFDDB11FE69A00026DD31 /* PinDRed9.png in Resources */ = {isa = PBXBuildFile; fileRef = C41EFDD611FE69A00026DD31 /* PinDRed9.png */; };
		C41EFDDC11FE69A00026DD31 /* PinDRed10.png in Resources */ = {isa = PBXBuildFile; fileRef = C41EFDD711FE69A00026DD31 /* PinDRed10.png */; };
		C41EFDDD11FE69A00026DD31 /* PinDRed11.png in Resources */ = {isa = PBXBuildFile; fileRef = C41EFDD811FE69A00026DD31 /* PinDRed11.png */; };
		C41EFDDE11FE69A00026DD31 /* PinDRed12.png in Resources */ = {isa = PBXBuildFile; fileRef = C41EFDD911FE69A00026DD31 /* PinDRed12.png */; };
		C41EFDDF11FE69A00026DD31 /* PinDRed13.png in Resources */ = {isa = PBXBuildFile; fileRef = C41EFDDA11FE69A00026DD31 /* PinDRed13.png */; };
		C421F8A1206EB44D00ECFCDA /* CoreLocation.framework in Frameworks */ = {isa = PBXBuildFile; fileRef = C421F8A0206EB44D00ECFCDA /* CoreLocation.framework */; };
		C42BAF9C11BF316200D9F604 /* infoViewController.m in Sources */ = {isa = PBXBuildFile; fileRef = C42BAF9B11BF316200D9F604 /* infoViewController.m */; };
		C42BAFA811BF363000D9F604 /* TipsViewController.m in Sources */ = {isa = PBXBuildFile; fileRef = C42BAFA611BF363000D9F604 /* TipsViewController.m */; };
		C42BAFA911BF363000D9F604 /* TipsViewController.xib in Resources */ = {isa = PBXBuildFile; fileRef = C42BAFA711BF363000D9F604 /* TipsViewController.xib */; };
		C42BAFAD11BF363D00D9F604 /* DirectionsViewController.m in Sources */ = {isa = PBXBuildFile; fileRef = C42BAFAB11BF363D00D9F604 /* DirectionsViewController.m */; };
		C42BAFAE11BF363D00D9F604 /* DirectionsViewController.xib in Resources */ = {isa = PBXBuildFile; fileRef = C42BAFAC11BF363D00D9F604 /* DirectionsViewController.xib */; };
		C42BAFB211BF364900D9F604 /* HelpViewController.m in Sources */ = {isa = PBXBuildFile; fileRef = C42BAFB011BF364900D9F604 /* HelpViewController.m */; };
		C42BAFB311BF364900D9F604 /* HelpViewController.xib in Resources */ = {isa = PBXBuildFile; fileRef = C42BAFB111BF364900D9F604 /* HelpViewController.xib */; };
		C42BAFB711BF365400D9F604 /* AboutViewController.m in Sources */ = {isa = PBXBuildFile; fileRef = C42BAFB511BF365400D9F604 /* AboutViewController.m */; };
		C42BAFB811BF365400D9F604 /* AboutViewController.xib in Resources */ = {isa = PBXBuildFile; fileRef = C42BAFB611BF365400D9F604 /* AboutViewController.xib */; };
		C42BAFBC11BF365D00D9F604 /* HoursViewController.m in Sources */ = {isa = PBXBuildFile; fileRef = C42BAFBA11BF365D00D9F604 /* HoursViewController.m */; };
		C42BAFBD11BF365D00D9F604 /* HoursViewController.xib in Resources */ = {isa = PBXBuildFile; fileRef = C42BAFBB11BF365D00D9F604 /* HoursViewController.xib */; };
		C43496191E5CBC5D003D59F6 /* 1790 Inn.png in Resources */ = {isa = PBXBuildFile; fileRef = C43496181E5CBC5D003D59F6 /* 1790 Inn.png */; };
		C434961B1E5CBC6A003D59F6 /* 1790 sign.png in Resources */ = {isa = PBXBuildFile; fileRef = C434961A1E5CBC6A003D59F6 /* 1790 sign.png */; };
		C434961D1E5CBC73003D59F6 /* Civil War Savannah.png in Resources */ = {isa = PBXBuildFile; fileRef = C434961C1E5CBC73003D59F6 /* Civil War Savannah.png */; };
		C434961F1E5CBC7E003D59F6 /* Colonial Park Cemetery.png in Resources */ = {isa = PBXBuildFile; fileRef = C434961E1E5CBC7E003D59F6 /* Colonial Park Cemetery.png */; };
		C43496211E5CBC86003D59F6 /* Colonial Park Gate.png in Resources */ = {isa = PBXBuildFile; fileRef = C43496201E5CBC86003D59F6 /* Colonial Park Gate.png */; };
		C43496231E5CBC8F003D59F6 /* Davenport House.png in Resources */ = {isa = PBXBuildFile; fileRef = C43496221E5CBC8F003D59F6 /* Davenport House.png */; };
		C43496271E5CBC9F003D59F6 /* Gallows.png in Resources */ = {isa = PBXBuildFile; fileRef = C43496261E5CBC9F003D59F6 /* Gallows.png */; };
		C43496291E5CBCEC003D59F6 /* Icon29.png in Resources */ = {isa = PBXBuildFile; fileRef = C43496281E5CBCEC003D59F6 /* Icon29.png */; };
		C434962B1E5CBCF4003D59F6 /* Icon50.png in Resources */ = {isa = PBXBuildFile; fileRef = C434962A1E5CBCF4003D59F6 /* Icon50.png */; };
		C434962D1E5CBCFE003D59F6 /* Icon.png in Resources */ = {isa = PBXBuildFile; fileRef = C434962C1E5CBCFE003D59F6 /* Icon.png */; };
		C434962F1E5CBD0C003D59F6 /* Icon58.png in Resources */ = {isa = PBXBuildFile; fileRef = C434962E1E5CBD0C003D59F6 /* Icon58.png */; };
		C43496311E5CBD19003D59F6 /* Icon72.png in Resources */ = {isa = PBXBuildFile; fileRef = C43496301E5CBD19003D59F6 /* Icon72.png */; };
		C43496331E5CBD20003D59F6 /* Icon114.png in Resources */ = {isa = PBXBuildFile; fileRef = C43496321E5CBD20003D59F6 /* Icon114.png */; };
		C43496351E5CBD29003D59F6 /* Icon120.png in Resources */ = {isa = PBXBuildFile; fileRef = C43496341E5CBD29003D59F6 /* Icon120.png */; };
		C43496371E5CBD33003D59F6 /* Icon180.png in Resources */ = {isa = PBXBuildFile; fileRef = C43496361E5CBD33003D59F6 /* Icon180.png */; };
		C434963B1E5CBD57003D59F6 /* Ironwork Angel.png in Resources */ = {isa = PBXBuildFile; fileRef = C434963A1E5CBD57003D59F6 /* Ironwork Angel.png */; };
		C434963D1E5CBD65003D59F6 /* J Habersham Jr.png in Resources */ = {isa = PBXBuildFile; fileRef = C434963C1E5CBD65003D59F6 /* J Habersham Jr.png */; };
		C43496451E5CBD9A003D59F6 /* Juliette Low House.png in Resources */ = {isa = PBXBuildFile; fileRef = C43496441E5CBD9A003D59F6 /* Juliette Low House.png */; };
		C43496471E5CBDAE003D59F6 /* Juliette Low.png in Resources */ = {isa = PBXBuildFile; fileRef = C43496461E5CBDAE003D59F6 /* Juliette Low.png */; };
		C43496491E5CBDBF003D59F6 /* Kehoe House.png in Resources */ = {isa = PBXBuildFile; fileRef = C43496481E5CBDBF003D59F6 /* Kehoe House.png */; };
		C434964B1E5CBDCC003D59F6 /* Marshall House.png in Resources */ = {isa = PBXBuildFile; fileRef = C434964A1E5CBDCC003D59F6 /* Marshall House.png */; };
		C434964D1E5CBDD5003D59F6 /* Moon River Brewery.png in Resources */ = {isa = PBXBuildFile; fileRef = C434964C1E5CBDD5003D59F6 /* Moon River Brewery.png */; };
		C434964F1E5CBDDC003D59F6 /* Moon River upstairs.png in Resources */ = {isa = PBXBuildFile; fileRef = C434964E1E5CBDDC003D59F6 /* Moon River upstairs.png */; };
		C43496511E5CBDEF003D59F6 /* Muir altered headstone.png in Resources */ = {isa = PBXBuildFile; fileRef = C43496501E5CBDEF003D59F6 /* Muir altered headstone.png */; };
		C43496531E5CBDF6003D59F6 /* Olde Pink House.png in Resources */ = {isa = PBXBuildFile; fileRef = C43496521E5CBDF6003D59F6 /* Olde Pink House.png */; };
		C43496571E5CBE08003D59F6 /* Recovering bodies.png in Resources */ = {isa = PBXBuildFile; fileRef = C43496561E5CBE08003D59F6 /* Recovering bodies.png */; };
		C434965B1E5CBE1C003D59F6 /* Savannah Fire.png in Resources */ = {isa = PBXBuildFile; fileRef = C434965A1E5CBE1C003D59F6 /* Savannah Fire.png */; };
		C434965D1E5CBE25003D59F6 /* Six Pence Pub.png in Resources */ = {isa = PBXBuildFile; fileRef = C434965C1E5CBE25003D59F6 /* Six Pence Pub.png */; };
		C434965F1E5CBE36003D59F6 /* nolactable1.png in Resources */ = {isa = PBXBuildFile; fileRef = C434965E1E5CBE36003D59F6 /* nolactable1.png */; };
		C43496611E5CBE3C003D59F6 /* nolactable2.png in Resources */ = {isa = PBXBuildFile; fileRef = C43496601E5CBE3C003D59F6 /* nolactable2.png */; };
		C43496631E5CBE42003D59F6 /* nolactable3.png in Resources */ = {isa = PBXBuildFile; fileRef = C43496621E5CBE42003D59F6 /* nolactable3.png */; };
		C43496651E5CBE48003D59F6 /* nolactable4.png in Resources */ = {isa = PBXBuildFile; fileRef = C43496641E5CBE48003D59F6 /* nolactable4.png */; };
		C43496671E5CBE4E003D59F6 /* nolactable5.png in Resources */ = {isa = PBXBuildFile; fileRef = C43496661E5CBE4E003D59F6 /* nolactable5.png */; };
		C43496691E5CBE56003D59F6 /* nolactable7.png in Resources */ = {isa = PBXBuildFile; fileRef = C43496681E5CBE56003D59F6 /* nolactable7.png */; };
		C434966B1E5CBE5C003D59F6 /* nolactable6.png in Resources */ = {isa = PBXBuildFile; fileRef = C434966A1E5CBE5C003D59F6 /* nolactable6.png */; };
		C434966D1E5CBE63003D59F6 /* nolactable11.png in Resources */ = {isa = PBXBuildFile; fileRef = C434966C1E5CBE63003D59F6 /* nolactable11.png */; };
		C434966F1E5CBE6C003D59F6 /* nolactable10.png in Resources */ = {isa = PBXBuildFile; fileRef = C434966E1E5CBE6C003D59F6 /* nolactable10.png */; };
		C43496711E5CBE73003D59F6 /* nolactable9.png in Resources */ = {isa = PBXBuildFile; fileRef = C43496701E5CBE73003D59F6 /* nolactable9.png */; };
		C43496731E5CBE7A003D59F6 /* nolactable8.png in Resources */ = {isa = PBXBuildFile; fileRef = C43496721E5CBE7A003D59F6 /* nolactable8.png */; };
		C43496751E5CBE85003D59F6 /* The Pirate's House.png in Resources */ = {isa = PBXBuildFile; fileRef = C43496741E5CBE85003D59F6 /* The Pirate's House.png */; };
		C43496771E5CBE94003D59F6 /* Tomochichi Memorial.png in Resources */ = {isa = PBXBuildFile; fileRef = C43496761E5CBE94003D59F6 /* Tomochichi Memorial.png */; };
		C43496791E5CBE9F003D59F6 /* Tomochichi.png in Resources */ = {isa = PBXBuildFile; fileRef = C43496781E5CBE9F003D59F6 /* Tomochichi.png */; };
		C434967B1E5CBEA8003D59F6 /* Treasure Island art.png in Resources */ = {isa = PBXBuildFile; fileRef = C434967A1E5CBEA8003D59F6 /* Treasure Island art.png */; };
		C434967D1E5CBEAF003D59F6 /* Treasure Island book cover.png in Resources */ = {isa = PBXBuildFile; fileRef = C434967C1E5CBEAF003D59F6 /* Treasure Island book cover.png */; };
		C434967F1E5CBEB8003D59F6 /* Union Soldiers.png in Resources */ = {isa = PBXBuildFile; fileRef = C434967E1E5CBEB8003D59F6 /* Union Soldiers.png */; };
		C43496811E5CBEC4003D59F6 /* Upstairs at Moon River.png in Resources */ = {isa = PBXBuildFile; fileRef = C43496801E5CBEC4003D59F6 /* Upstairs at Moon River.png */; };
		C43496831E5CBECC003D59F6 /* War Amputee.png in Resources */ = {isa = PBXBuildFile; fileRef = C43496821E5CBECC003D59F6 /* War Amputee.png */; };
		C43496851E5CBED4003D59F6 /* Wright Square.png in Resources */ = {isa = PBXBuildFile; fileRef = C43496841E5CBED4003D59F6 /* Wright Square.png */; };
		C43496871E5CBF2A003D59F6 /* Civil War amputation.png in Resources */ = {isa = PBXBuildFile; fileRef = C43496861E5CBF2A003D59F6 /* Civil War amputation.png */; };
		C43496891E5CC240003D59F6 /* Images.xcassets in Resources */ = {isa = PBXBuildFile; fileRef = C43496881E5CC240003D59F6 /* Images.xcassets */; };
		C434968B1E689984003D59F6 /* nolac4.mp3 in Resources */ = {isa = PBXBuildFile; fileRef = C434968A1E689983003D59F6 /* nolac4.mp3 */; };
		C434968D1E68998D003D59F6 /* nolac3.mp3 in Resources */ = {isa = PBXBuildFile; fileRef = C434968C1E68998D003D59F6 /* nolac3.mp3 */; };
		C434968F1E689995003D59F6 /* nolac10.mp3 in Resources */ = {isa = PBXBuildFile; fileRef = C434968E1E689995003D59F6 /* nolac10.mp3 */; };
		C43496911E6899A0003D59F6 /* nolac8.mp3 in Resources */ = {isa = PBXBuildFile; fileRef = C43496901E6899A0003D59F6 /* nolac8.mp3 */; };
		C43496931E6899A8003D59F6 /* nolac6.mp3 in Resources */ = {isa = PBXBuildFile; fileRef = C43496921E6899A8003D59F6 /* nolac6.mp3 */; };
		C43496951E6899B3003D59F6 /* nolac5.mp3 in Resources */ = {isa = PBXBuildFile; fileRef = C43496941E6899B3003D59F6 /* nolac5.mp3 */; };
		C43496971E6899BE003D59F6 /* nolac11.mp3 in Resources */ = {isa = PBXBuildFile; fileRef = C43496961E6899BE003D59F6 /* nolac11.mp3 */; };
		C43496991E6899C7003D59F6 /* nolac9.mp3 in Resources */ = {isa = PBXBuildFile; fileRef = C43496981E6899C7003D59F6 /* nolac9.mp3 */; };
		C434969D1E689A45003D59F6 /* Icon80.png in Resources */ = {isa = PBXBuildFile; fileRef = C434969C1E689A45003D59F6 /* Icon80.png */; };
		C434969F1E689B18003D59F6 /* Default.png in Resources */ = {isa = PBXBuildFile; fileRef = C434969E1E689B18003D59F6 /* Default.png */; };
		C43496A11E689B21003D59F6 /* Default@2x.png in Resources */ = {isa = PBXBuildFile; fileRef = C43496A01E689B21003D59F6 /* Default@2x.png */; };
		C43496A31E689B29003D59F6 /* Default-568h@2x.png in Resources */ = {isa = PBXBuildFile; fileRef = C43496A21E689B29003D59F6 /* Default-568h@2x.png */; };
		C43496A51E689B98003D59F6 /* Header1-568h@2x.png in Resources */ = {isa = PBXBuildFile; fileRef = C43496A41E689B98003D59F6 /* Header1-568h@2x.png */; };
		C43496A71E689BA2003D59F6 /* Header1@2x.png in Resources */ = {isa = PBXBuildFile; fileRef = C43496A61E689BA2003D59F6 /* Header1@2x.png */; };
		C43496A91E689BAC003D59F6 /* Header1.png in Resources */ = {isa = PBXBuildFile; fileRef = C43496A81E689BAC003D59F6 /* Header1.png */; };
		C43496AB1E68C144003D59F6 /* Diane320.png in Resources */ = {isa = PBXBuildFile; fileRef = C43496AA1E68C144003D59F6 /* Diane320.png */; };
		C43496AD1E6B49D2003D59F6 /* Sorrel Weed 20's.png in Resources */ = {isa = PBXBuildFile; fileRef = C43496AC1E6B49D2003D59F6 /* Sorrel Weed 20's.png */; };
		C43496AF1E6B49E1003D59F6 /* Sorrel Weed basement.png in Resources */ = {isa = PBXBuildFile; fileRef = C43496AE1E6B49E1003D59F6 /* Sorrel Weed basement.png */; };
		C43496B31E6B4A15003D59F6 /* nolactable13.png in Resources */ = {isa = PBXBuildFile; fileRef = C43496B21E6B4A15003D59F6 /* nolactable13.png */; };
		C43496B71E6B526E003D59F6 /* PageTwelveViewController.m in Sources */ = {isa = PBXBuildFile; fileRef = C43496B51E6B526E003D59F6 /* PageTwelveViewController.m */; };
		C43496B81E6B526E003D59F6 /* PageTwelveViewController.xib in Resources */ = {isa = PBXBuildFile; fileRef = C43496B61E6B526E003D59F6 /* PageTwelveViewController.xib */; };
		C43496BC1E6B52AE003D59F6 /* PageThirteenViewController.m in Sources */ = {isa = PBXBuildFile; fileRef = C43496BA1E6B52AE003D59F6 /* PageThirteenViewController.m */; };
		C43496BD1E6B52AE003D59F6 /* PageThirteenViewController.xib in Resources */ = {isa = PBXBuildFile; fileRef = C43496BB1E6B52AE003D59F6 /* PageThirteenViewController.xib */; };
		C43496C31E6F6D42003D59F6 /* nolac13.mp3 in Resources */ = {isa = PBXBuildFile; fileRef = C43496C21E6F6D42003D59F6 /* nolac13.mp3 */; };
		C43496C51E6F6D55003D59F6 /* nolac7.mp3 in Resources */ = {isa = PBXBuildFile; fileRef = C43496C41E6F6D55003D59F6 /* nolac7.mp3 */; };
		C43496C71E6F6D73003D59F6 /* nolac2.mp3 in Resources */ = {isa = PBXBuildFile; fileRef = C43496C61E6F6D73003D59F6 /* nolac2.mp3 */; };
		C43496C91E71E98C003D59F6 /* Olde Pink House Tavern.png in Resources */ = {isa = PBXBuildFile; fileRef = C43496C81E71E98B003D59F6 /* Olde Pink House Tavern.png */; };
		C43496CB1E71EBD1003D59F6 /* Pirate's House Tunnel.png in Resources */ = {isa = PBXBuildFile; fileRef = C43496CA1E71EBD1003D59F6 /* Pirate's House Tunnel.png */; };
		C43496CD1E75FA4F003D59F6 /* Battle abatis.png in Resources */ = {isa = PBXBuildFile; fileRef = C43496CC1E75FA4F003D59F6 /* Battle abatis.png */; };
		C43496CF1E75FA6B003D59F6 /* Death of Pulaski.png in Resources */ = {isa = PBXBuildFile; fileRef = C43496CE1E75FA6B003D59F6 /* Death of Pulaski.png */; };
		C43496D11E75FA91003D59F6 /* Jasper statue.png in Resources */ = {isa = PBXBuildFile; fileRef = C43496D01E75FA91003D59F6 /* Jasper statue.png */; };
		C43496D31E75FACD003D59F6 /* nolactable12.png in Resources */ = {isa = PBXBuildFile; fileRef = C43496D21E75FACD003D59F6 /* nolactable12.png */; };
		C43496D71E75FAF2003D59F6 /* Madison Square.png in Resources */ = {isa = PBXBuildFile; fileRef = C43496D61E75FAF2003D59F6 /* Madison Square.png */; };
		C43496D91E75FB04003D59F6 /* Muir, misplaced headstones.png in Resources */ = {isa = PBXBuildFile; fileRef = C43496D81E75FB04003D59F6 /* Muir, misplaced headstones.png */; };
		C43496DB1E75FB19003D59F6 /* Onesime Legriel altered marker.png in Resources */ = {isa = PBXBuildFile; fileRef = C43496DA1E75FB19003D59F6 /* Onesime Legriel altered marker.png */; };
		C43496DD1E75FB44003D59F6 /* Sorrel Weed carriage house.png in Resources */ = {isa = PBXBuildFile; fileRef = C43496DC1E75FB44003D59F6 /* Sorrel Weed carriage house.png */; };
		C43496DF1E75FB4D003D59F6 /* Sorrel Weed House.png in Resources */ = {isa = PBXBuildFile; fileRef = C43496DE1E75FB4D003D59F6 /* Sorrel Weed House.png */; };
		C447F651161BDD9800D11493 /* PageTenViewController.m in Sources */ = {isa = PBXBuildFile; fileRef = C447F64F161BDD9800D11493 /* PageTenViewController.m */; };
		C447F652161BDD9800D11493 /* PageTenViewController.xib in Resources */ = {isa = PBXBuildFile; fileRef = C447F650161BDD9800D11493 /* PageTenViewController.xib */; };
		C447F658161BDDB200D11493 /* PageElevenViewController.m in Sources */ = {isa = PBXBuildFile; fileRef = C447F656161BDDB200D11493 /* PageElevenViewController.m */; };
		C447F659161BDDB200D11493 /* PageElevenViewController.xib in Resources */ = {isa = PBXBuildFile; fileRef = C447F657161BDDB200D11493 /* PageElevenViewController.xib */; };
		C485162311AE1A6B00549246 /* AVFoundation.framework in Frameworks */ = {isa = PBXBuildFile; fileRef = C485162211AE1A6B00549246 /* AVFoundation.framework */; };
		C485162D11AE1A7C00549246 /* MapKit.framework in Frameworks */ = {isa = PBXBuildFile; fileRef = C485162C11AE1A7C00549246 /* MapKit.framework */; };
		C485172B11AF5C6100549246 /* mapViewController.m in Sources */ = {isa = PBXBuildFile; fileRef = C485172A11AF5C6100549246 /* mapViewController.m */; };
		C485173011AF5C6F00549246 /* wwAnnotation.m in Sources */ = {isa = PBXBuildFile; fileRef = C485172D11AF5C6F00549246 /* wwAnnotation.m */; };
		C485173111AF5C6F00549246 /* wwAnnotationView.m in Sources */ = {isa = PBXBuildFile; fileRef = C485172F11AF5C6F00549246 /* wwAnnotationView.m */; };
		C485173B11AF5C7900549246 /* PinDRed1.png in Resources */ = {isa = PBXBuildFile; fileRef = C485173311AF5C7900549246 /* PinDRed1.png */; };
		C485173C11AF5C7900549246 /* PinDRed2.png in Resources */ = {isa = PBXBuildFile; fileRef = C485173411AF5C7900549246 /* PinDRed2.png */; };
		C485173D11AF5C7900549246 /* PinDRed3.png in Resources */ = {isa = PBXBuildFile; fileRef = C485173511AF5C7900549246 /* PinDRed3.png */; };
		C485173E11AF5C7900549246 /* PinDRed4.png in Resources */ = {isa = PBXBuildFile; fileRef = C485173611AF5C7900549246 /* PinDRed4.png */; };
		C485173F11AF5C7900549246 /* PinDRed5.png in Resources */ = {isa = PBXBuildFile; fileRef = C485173711AF5C7900549246 /* PinDRed5.png */; };
		C485174011AF5C7900549246 /* PinDRed6.png in Resources */ = {isa = PBXBuildFile; fileRef = C485173811AF5C7900549246 /* PinDRed6.png */; };
		C485174111AF5C7900549246 /* PinDRed7.png in Resources */ = {isa = PBXBuildFile; fileRef = C485173911AF5C7900549246 /* PinDRed7.png */; };
		C485174211AF5C7900549246 /* PinDRed8.png in Resources */ = {isa = PBXBuildFile; fileRef = C485173A11AF5C7900549246 /* PinDRed8.png */; };
		C485183B11B0A40500549246 /* Playbutton.png in Resources */ = {isa = PBXBuildFile; fileRef = C485183A11B0A40500549246 /* Playbutton.png */; };
		C485183D11B0A40F00549246 /* pausebutton.png in Resources */ = {isa = PBXBuildFile; fileRef = C485183C11B0A40F00549246 /* pausebutton.png */; };
		C485184011B0A41C00549246 /* bp_btn1.png in Resources */ = {isa = PBXBuildFile; fileRef = C485183E11B0A41C00549246 /* bp_btn1.png */; };
		C485184111B0A41C00549246 /* bp_btn2.png in Resources */ = {isa = PBXBuildFile; fileRef = C485183F11B0A41C00549246 /* bp_btn2.png */; };
		C485184311B0A42B00549246 /* volume_up.png in Resources */ = {isa = PBXBuildFile; fileRef = C485184211B0A42B00549246 /* volume_up.png */; };
		C485184611B0A43B00549246 /* Infobutton.png in Resources */ = {isa = PBXBuildFile; fileRef = C485184411B0A43B00549246 /* Infobutton.png */; };
		C4851B2011B4864000549246 /* TableViewIcon.png in Resources */ = {isa = PBXBuildFile; fileRef = C4851B1F11B4864000549246 /* TableViewIcon.png */; };
		C4851B2211B4864A00549246 /* MapViewIcon.png in Resources */ = {isa = PBXBuildFile; fileRef = C4851B2111B4864A00549246 /* MapViewIcon.png */; };
		C4851BA011B48B5500549246 /* tableViewController.m in Sources */ = {isa = PBXBuildFile; fileRef = C4851B9F11B48B5500549246 /* tableViewController.m */; };
		C4851C5411B5E14B00549246 /* PageSixViewController.m in Sources */ = {isa = PBXBuildFile; fileRef = C4851C5211B5E14B00549246 /* PageSixViewController.m */; };
		C4851C5511B5E14B00549246 /* PageSixViewController.xib in Resources */ = {isa = PBXBuildFile; fileRef = C4851C5311B5E14B00549246 /* PageSixViewController.xib */; };
		C4851C6711B5E19800549246 /* PageSevenViewController.m in Sources */ = {isa = PBXBuildFile; fileRef = C4851C6511B5E19800549246 /* PageSevenViewController.m */; };
		C4851C6811B5E19800549246 /* PageSevenViewController.xib in Resources */ = {isa = PBXBuildFile; fileRef = C4851C6611B5E19800549246 /* PageSevenViewController.xib */; };
		C4A5B8E011CC5D2C00BDE06F /* PageEightViewController.m in Sources */ = {isa = PBXBuildFile; fileRef = C4A5B8DE11CC5D2C00BDE06F /* PageEightViewController.m */; };
		C4A5B8E111CC5D2C00BDE06F /* PageEightViewController.xib in Resources */ = {isa = PBXBuildFile; fileRef = C4A5B8DF11CC5D2C00BDE06F /* PageEightViewController.xib */; };
		C4E93FB011BAB87F0021141A /* LargePhotoViewController.m in Sources */ = {isa = PBXBuildFile; fileRef = C4E93FAF11BAB87F0021141A /* LargePhotoViewController.m */; };
		C4F75A301E7742EF008041B9 /* Civil war casualties.png in Resources */ = {isa = PBXBuildFile; fileRef = C4F75A2F1E7742EE008041B9 /* Civil war casualties.png */; };
		C4F75A321E774351008041B9 /* Siege of Savannah.png in Resources */ = {isa = PBXBuildFile; fileRef = C4F75A311E774351008041B9 /* Siege of Savannah.png */; };
		C4F75A341E78150E008041B9 /* nolac1.mp3 in Resources */ = {isa = PBXBuildFile; fileRef = C4F75A331E78150E008041B9 /* nolac1.mp3 */; };
		C4F75A361E781529008041B9 /* nolac12.mp3 in Resources */ = {isa = PBXBuildFile; fileRef = C4F75A351E781529008041B9 /* nolac12.mp3 */; };
/* End PBXBuildFile section */

/* Begin PBXFileReference section */
		1D30AB110D05D00D00671497 /* Foundation.framework */ = {isa = PBXFileReference; lastKnownFileType = wrapper.framework; name = Foundation.framework; path = System/Library/Frameworks/Foundation.framework; sourceTree = SDKROOT; };
		1D3623EB0D0F72F000981E51 /* CoreGraphics.framework */ = {isa = PBXFileReference; lastKnownFileType = wrapper.framework; name = CoreGraphics.framework; path = System/Library/Frameworks/CoreGraphics.framework; sourceTree = SDKROOT; };
		1DC4B2650D05D9C8003A8154 /* CoreFoundation.framework */ = {isa = PBXFileReference; lastKnownFileType = wrapper.framework; name = CoreFoundation.framework; path = System/Library/Frameworks/CoreFoundation.framework; sourceTree = SDKROOT; };
		1DF5F4DF0D08C38300B7A737 /* UIKit.framework */ = {isa = PBXFileReference; lastKnownFileType = wrapper.framework; name = UIKit.framework; path = System/Library/Frameworks/UIKit.framework; sourceTree = SDKROOT; };
		29B97316FDCFA39411CA2CEA /* main.m */ = {isa = PBXFileReference; fileEncoding = 4; lastKnownFileType = sourcecode.c.objc; path = main.m; sourceTree = "<group>"; };
		531F16910D63677B003D33FB /* Prefix.pch */ = {isa = PBXFileReference; fileEncoding = 4; lastKnownFileType = sourcecode.c.h; path = Prefix.pch; sourceTree = "<group>"; };
		531F16970D6367A3003D33FB /* PageTwoViewController.m */ = {isa = PBXFileReference; fileEncoding = 4; lastKnownFileType = sourcecode.c.objc; path = PageTwoViewController.m; sourceTree = "<group>"; };
		531F16980D6367A3003D33FB /* PageOneViewController.m */ = {isa = PBXFileReference; fileEncoding = 4; lastKnownFileType = sourcecode.c.objc; path = PageOneViewController.m; sourceTree = "<group>"; };
		531F16990D6367A3003D33FB /* AppDelegate.m */ = {isa = PBXFileReference; fileEncoding = 4; lastKnownFileType = sourcecode.c.objc; path = AppDelegate.m; sourceTree = "<group>"; };
		531F169C0D6367A3003D33FB /* PageThreeViewController.m */ = {isa = PBXFileReference; fileEncoding = 4; lastKnownFileType = sourcecode.c.objc; path = PageThreeViewController.m; sourceTree = "<group>"; };
		531F169E0D6367A3003D33FB /* PageTwoViewController.h */ = {isa = PBXFileReference; fileEncoding = 4; lastKnownFileType = sourcecode.c.h; path = PageTwoViewController.h; sourceTree = "<group>"; };
		531F169F0D6367A3003D33FB /* Constants.h */ = {isa = PBXFileReference; fileEncoding = 4; lastKnownFileType = sourcecode.c.h; path = Constants.h; sourceTree = "<group>"; };
		531F16A00D6367A3003D33FB /* PageOneViewController.h */ = {isa = PBXFileReference; fileEncoding = 4; lastKnownFileType = sourcecode.c.h; path = PageOneViewController.h; sourceTree = "<group>"; };
		531F16A10D6367A3003D33FB /* PageThreeViewController.h */ = {isa = PBXFileReference; fileEncoding = 4; lastKnownFileType = sourcecode.c.h; path = PageThreeViewController.h; sourceTree = "<group>"; };
		531F16A40D6367A3003D33FB /* AppDelegate.h */ = {isa = PBXFileReference; fileEncoding = 4; lastKnownFileType = sourcecode.c.h; path = AppDelegate.h; sourceTree = "<group>"; };
		537204C90DC28C260048CDA2 /* en */ = {isa = PBXFileReference; lastKnownFileType = file.xib; name = en; path = en.lproj/PageThreeViewController.xib; sourceTree = "<group>"; };
		537204CB0DC28C260048CDA2 /* en */ = {isa = PBXFileReference; lastKnownFileType = file.xib; name = en; path = en.lproj/PageFiveViewController.xib; sourceTree = "<group>"; };
		537204CD0DC28C260048CDA2 /* en */ = {isa = PBXFileReference; lastKnownFileType = file.xib; name = en; path = en.lproj/PageFourViewController.xib; sourceTree = "<group>"; };
		537204CF0DC28C260048CDA2 /* en */ = {isa = PBXFileReference; lastKnownFileType = file.xib; name = en; path = en.lproj/MainWindow.xib; sourceTree = "<group>"; };
		537204D10DC28C260048CDA2 /* en */ = {isa = PBXFileReference; lastKnownFileType = file.xib; name = en; path = en.lproj/PageOneViewController.xib; sourceTree = "<group>"; };
		537204D30DC28C260048CDA2 /* en */ = {isa = PBXFileReference; lastKnownFileType = file.xib; name = en; path = en.lproj/PageTwoViewController.xib; sourceTree = "<group>"; };
		537204DB0DC28C310048CDA2 /* en */ = {isa = PBXFileReference; fileEncoding = 4; lastKnownFileType = text.plist.strings; name = en; path = en.lproj/Localizable.strings; sourceTree = "<group>"; };
		537204DD0DC28C310048CDA2 /* en */ = {isa = PBXFileReference; fileEncoding = 4; lastKnownFileType = text.plist.strings; name = en; path = en.lproj/InfoPlist.strings; sourceTree = "<group>"; };
		538F313B0D9D5E6A0064A664 /* PageFiveViewController.h */ = {isa = PBXFileReference; fileEncoding = 4; lastKnownFileType = sourcecode.c.h; path = PageFiveViewController.h; sourceTree = "<group>"; };
		538F313C0D9D5E6A0064A664 /* PageFiveViewController.m */ = {isa = PBXFileReference; fileEncoding = 4; lastKnownFileType = sourcecode.c.objc; path = PageFiveViewController.m; sourceTree = "<group>"; };
		539C376E0DB8003400A5E2BB /* ReadMe.txt */ = {isa = PBXFileReference; fileEncoding = 4; lastKnownFileType = text; path = ReadMe.txt; sourceTree = "<group>"; wrapsLines = 1; };
		53A79EB70D70DF2A005FAC2C /* PageFourViewController.h */ = {isa = PBXFileReference; fileEncoding = 4; lastKnownFileType = sourcecode.c.h; path = PageFourViewController.h; sourceTree = "<group>"; };
		53A79EB80D70DF2A005FAC2C /* PageFourViewController.m */ = {isa = PBXFileReference; fileEncoding = 4; lastKnownFileType = sourcecode.c.objc; path = PageFourViewController.m; sourceTree = "<group>"; };
		8D1107310486CEB800E47090 /* Info.plist */ = {isa = PBXFileReference; fileEncoding = 4; lastKnownFileType = text.plist.xml; path = Info.plist; sourceTree = "<group>"; };
		C41387EF18E73A7B00BB84CF /* back12.png */ = {isa = PBXFileReference; lastKnownFileType = image.png; path = back12.png; sourceTree = "<group>"; };
		C41387F118E73A8100BB84CF /* forward12.png */ = {isa = PBXFileReference; lastKnownFileType = image.png; path = forward12.png; sourceTree = "<group>"; };
		C41E005C11FE7C370026DD31 /* PageNineViewController.h */ = {isa = PBXFileReference; fileEncoding = 4; lastKnownFileType = sourcecode.c.h; path = PageNineViewController.h; sourceTree = "<group>"; };
		C41E005D11FE7C370026DD31 /* PageNineViewController.m */ = {isa = PBXFileReference; fileEncoding = 4; lastKnownFileType = sourcecode.c.objc; path = PageNineViewController.m; sourceTree = "<group>"; };
		C41E005E11FE7C370026DD31 /* PageNineViewController.xib */ = {isa = PBXFileReference; lastKnownFileType = file.xib; path = PageNineViewController.xib; sourceTree = "<group>"; };
		C41EFDD611FE69A00026DD31 /* PinDRed9.png */ = {isa = PBXFileReference; lastKnownFileType = image.png; path = PinDRed9.png; sourceTree = "<group>"; };
		C41EFDD711FE69A00026DD31 /* PinDRed10.png */ = {isa = PBXFileReference; lastKnownFileType = image.png; path = PinDRed10.png; sourceTree = "<group>"; };
		C41EFDD811FE69A00026DD31 /* PinDRed11.png */ = {isa = PBXFileReference; lastKnownFileType = image.png; path = PinDRed11.png; sourceTree = "<group>"; };
		C41EFDD911FE69A00026DD31 /* PinDRed12.png */ = {isa = PBXFileReference; lastKnownFileType = image.png; path = PinDRed12.png; sourceTree = "<group>"; };
		C41EFDDA11FE69A00026DD31 /* PinDRed13.png */ = {isa = PBXFileReference; lastKnownFileType = image.png; path = PinDRed13.png; sourceTree = "<group>"; };
		C421F8A0206EB44D00ECFCDA /* CoreLocation.framework */ = {isa = PBXFileReference; lastKnownFileType = wrapper.framework; name = CoreLocation.framework; path = System/Library/Frameworks/CoreLocation.framework; sourceTree = SDKROOT; };
		C42BAF9A11BF316200D9F604 /* infoViewController.h */ = {isa = PBXFileReference; fileEncoding = 4; lastKnownFileType = sourcecode.c.h; path = infoViewController.h; sourceTree = "<group>"; };
		C42BAF9B11BF316200D9F604 /* infoViewController.m */ = {isa = PBXFileReference; fileEncoding = 4; lastKnownFileType = sourcecode.c.objc; path = infoViewController.m; sourceTree = "<group>"; };
		C42BAFA511BF363000D9F604 /* TipsViewController.h */ = {isa = PBXFileReference; fileEncoding = 4; lastKnownFileType = sourcecode.c.h; path = TipsViewController.h; sourceTree = "<group>"; };
		C42BAFA611BF363000D9F604 /* TipsViewController.m */ = {isa = PBXFileReference; fileEncoding = 4; lastKnownFileType = sourcecode.c.objc; path = TipsViewController.m; sourceTree = "<group>"; };
		C42BAFA711BF363000D9F604 /* TipsViewController.xib */ = {isa = PBXFileReference; lastKnownFileType = file.xib; path = TipsViewController.xib; sourceTree = "<group>"; };
		C42BAFAA11BF363D00D9F604 /* DirectionsViewController.h */ = {isa = PBXFileReference; fileEncoding = 4; lastKnownFileType = sourcecode.c.h; path = DirectionsViewController.h; sourceTree = "<group>"; };
		C42BAFAB11BF363D00D9F604 /* DirectionsViewController.m */ = {isa = PBXFileReference; fileEncoding = 4; lastKnownFileType = sourcecode.c.objc; path = DirectionsViewController.m; sourceTree = "<group>"; };
		C42BAFAC11BF363D00D9F604 /* DirectionsViewController.xib */ = {isa = PBXFileReference; lastKnownFileType = file.xib; path = DirectionsViewController.xib; sourceTree = "<group>"; };
		C42BAFAF11BF364900D9F604 /* HelpViewController.h */ = {isa = PBXFileReference; fileEncoding = 4; lastKnownFileType = sourcecode.c.h; path = HelpViewController.h; sourceTree = "<group>"; };
		C42BAFB011BF364900D9F604 /* HelpViewController.m */ = {isa = PBXFileReference; fileEncoding = 4; lastKnownFileType = sourcecode.c.objc; path = HelpViewController.m; sourceTree = "<group>"; };
		C42BAFB111BF364900D9F604 /* HelpViewController.xib */ = {isa = PBXFileReference; lastKnownFileType = file.xib; path = HelpViewController.xib; sourceTree = "<group>"; };
		C42BAFB411BF365400D9F604 /* AboutViewController.h */ = {isa = PBXFileReference; fileEncoding = 4; lastKnownFileType = sourcecode.c.h; path = AboutViewController.h; sourceTree = "<group>"; };
		C42BAFB511BF365400D9F604 /* AboutViewController.m */ = {isa = PBXFileReference; fileEncoding = 4; lastKnownFileType = sourcecode.c.objc; path = AboutViewController.m; sourceTree = "<group>"; };
		C42BAFB611BF365400D9F604 /* AboutViewController.xib */ = {isa = PBXFileReference; lastKnownFileType = file.xib; path = AboutViewController.xib; sourceTree = "<group>"; };
		C42BAFB911BF365D00D9F604 /* HoursViewController.h */ = {isa = PBXFileReference; fileEncoding = 4; lastKnownFileType = sourcecode.c.h; path = HoursViewController.h; sourceTree = "<group>"; };
		C42BAFBA11BF365D00D9F604 /* HoursViewController.m */ = {isa = PBXFileReference; fileEncoding = 4; lastKnownFileType = sourcecode.c.objc; path = HoursViewController.m; sourceTree = "<group>"; };
		C42BAFBB11BF365D00D9F604 /* HoursViewController.xib */ = {isa = PBXFileReference; lastKnownFileType = file.xib; path = HoursViewController.xib; sourceTree = "<group>"; };
		C43496181E5CBC5D003D59F6 /* 1790 Inn.png */ = {isa = PBXFileReference; lastKnownFileType = image.png; path = "1790 Inn.png"; sourceTree = "<group>"; };
		C434961A1E5CBC6A003D59F6 /* 1790 sign.png */ = {isa = PBXFileReference; lastKnownFileType = image.png; path = "1790 sign.png"; sourceTree = "<group>"; };
		C434961C1E5CBC73003D59F6 /* Civil War Savannah.png */ = {isa = PBXFileReference; lastKnownFileType = image.png; path = "Civil War Savannah.png"; sourceTree = "<group>"; };
		C434961E1E5CBC7E003D59F6 /* Colonial Park Cemetery.png */ = {isa = PBXFileReference; lastKnownFileType = image.png; path = "Colonial Park Cemetery.png"; sourceTree = "<group>"; };
		C43496201E5CBC86003D59F6 /* Colonial Park Gate.png */ = {isa = PBXFileReference; lastKnownFileType = image.png; path = "Colonial Park Gate.png"; sourceTree = "<group>"; };
		C43496221E5CBC8F003D59F6 /* Davenport House.png */ = {isa = PBXFileReference; lastKnownFileType = image.png; path = "Davenport House.png"; sourceTree = "<group>"; };
		C43496261E5CBC9F003D59F6 /* Gallows.png */ = {isa = PBXFileReference; lastKnownFileType = image.png; path = Gallows.png; sourceTree = "<group>"; };
		C43496281E5CBCEC003D59F6 /* Icon29.png */ = {isa = PBXFileReference; lastKnownFileType = image.png; path = Icon29.png; sourceTree = "<group>"; };
		C434962A1E5CBCF4003D59F6 /* Icon50.png */ = {isa = PBXFileReference; lastKnownFileType = image.png; path = Icon50.png; sourceTree = "<group>"; };
		C434962C1E5CBCFE003D59F6 /* Icon.png */ = {isa = PBXFileReference; lastKnownFileType = image.png; path = Icon.png; sourceTree = "<group>"; };
		C434962E1E5CBD0C003D59F6 /* Icon58.png */ = {isa = PBXFileReference; lastKnownFileType = image.png; path = Icon58.png; sourceTree = "<group>"; };
		C43496301E5CBD19003D59F6 /* Icon72.png */ = {isa = PBXFileReference; lastKnownFileType = image.png; path = Icon72.png; sourceTree = "<group>"; };
		C43496321E5CBD20003D59F6 /* Icon114.png */ = {isa = PBXFileReference; lastKnownFileType = image.png; path = Icon114.png; sourceTree = "<group>"; };
		C43496341E5CBD29003D59F6 /* Icon120.png */ = {isa = PBXFileReference; lastKnownFileType = image.png; path = Icon120.png; sourceTree = "<group>"; };
		C43496361E5CBD33003D59F6 /* Icon180.png */ = {isa = PBXFileReference; lastKnownFileType = image.png; path = Icon180.png; sourceTree = "<group>"; };
		C434963A1E5CBD57003D59F6 /* Ironwork Angel.png */ = {isa = PBXFileReference; lastKnownFileType = image.png; path = "Ironwork Angel.png"; sourceTree = "<group>"; };
		C434963C1E5CBD65003D59F6 /* J Habersham Jr.png */ = {isa = PBXFileReference; lastKnownFileType = image.png; path = "J Habersham Jr.png"; sourceTree = "<group>"; };
		C43496441E5CBD9A003D59F6 /* Juliette Low House.png */ = {isa = PBXFileReference; lastKnownFileType = image.png; path = "Juliette Low House.png"; sourceTree = "<group>"; };
		C43496461E5CBDAE003D59F6 /* Juliette Low.png */ = {isa = PBXFileReference; lastKnownFileType = image.png; path = "Juliette Low.png"; sourceTree = "<group>"; };
		C43496481E5CBDBF003D59F6 /* Kehoe House.png */ = {isa = PBXFileReference; lastKnownFileType = image.png; path = "Kehoe House.png"; sourceTree = "<group>"; };
		C434964A1E5CBDCC003D59F6 /* Marshall House.png */ = {isa = PBXFileReference; lastKnownFileType = image.png; path = "Marshall House.png"; sourceTree = "<group>"; };
		C434964C1E5CBDD5003D59F6 /* Moon River Brewery.png */ = {isa = PBXFileReference; lastKnownFileType = image.png; path = "Moon River Brewery.png"; sourceTree = "<group>"; };
		C434964E1E5CBDDC003D59F6 /* Moon River upstairs.png */ = {isa = PBXFileReference; lastKnownFileType = image.png; path = "Moon River upstairs.png"; sourceTree = "<group>"; };
		C43496501E5CBDEF003D59F6 /* Muir altered headstone.png */ = {isa = PBXFileReference; lastKnownFileType = image.png; path = "Muir altered headstone.png"; sourceTree = "<group>"; };
		C43496521E5CBDF6003D59F6 /* Olde Pink House.png */ = {isa = PBXFileReference; lastKnownFileType = image.png; path = "Olde Pink House.png"; sourceTree = "<group>"; };
		C43496561E5CBE08003D59F6 /* Recovering bodies.png */ = {isa = PBXFileReference; lastKnownFileType = image.png; path = "Recovering bodies.png"; sourceTree = "<group>"; };
		C434965A1E5CBE1C003D59F6 /* Savannah Fire.png */ = {isa = PBXFileReference; lastKnownFileType = image.png; path = "Savannah Fire.png"; sourceTree = "<group>"; };
		C434965C1E5CBE25003D59F6 /* Six Pence Pub.png */ = {isa = PBXFileReference; lastKnownFileType = image.png; path = "Six Pence Pub.png"; sourceTree = "<group>"; };
		C434965E1E5CBE36003D59F6 /* nolactable1.png */ = {isa = PBXFileReference; lastKnownFileType = image.png; path = nolactable1.png; sourceTree = "<group>"; };
		C43496601E5CBE3C003D59F6 /* nolactable2.png */ = {isa = PBXFileReference; lastKnownFileType = image.png; path = nolactable2.png; sourceTree = "<group>"; };
		C43496621E5CBE42003D59F6 /* nolactable3.png */ = {isa = PBXFileReference; lastKnownFileType = image.png; path = nolactable3.png; sourceTree = "<group>"; };
		C43496641E5CBE48003D59F6 /* nolactable4.png */ = {isa = PBXFileReference; lastKnownFileType = image.png; path = nolactable4.png; sourceTree = "<group>"; };
		C43496661E5CBE4E003D59F6 /* nolactable5.png */ = {isa = PBXFileReference; lastKnownFileType = image.png; path = nolactable5.png; sourceTree = "<group>"; };
		C43496681E5CBE56003D59F6 /* nolactable7.png */ = {isa = PBXFileReference; lastKnownFileType = image.png; path = nolactable7.png; sourceTree = "<group>"; };
		C434966A1E5CBE5C003D59F6 /* nolactable6.png */ = {isa = PBXFileReference; lastKnownFileType = image.png; path = nolactable6.png; sourceTree = "<group>"; };
		C434966C1E5CBE63003D59F6 /* nolactable11.png */ = {isa = PBXFileReference; lastKnownFileType = image.png; path = nolactable11.png; sourceTree = "<group>"; };
		C434966E1E5CBE6C003D59F6 /* nolactable10.png */ = {isa = PBXFileReference; lastKnownFileType = image.png; path = nolactable10.png; sourceTree = "<group>"; };
		C43496701E5CBE73003D59F6 /* nolactable9.png */ = {isa = PBXFileReference; lastKnownFileType = image.png; path = nolactable9.png; sourceTree = "<group>"; };
		C43496721E5CBE7A003D59F6 /* nolactable8.png */ = {isa = PBXFileReference; lastKnownFileType = image.png; path = nolactable8.png; sourceTree = "<group>"; };
		C43496741E5CBE85003D59F6 /* The Pirate's House.png */ = {isa = PBXFileReference; lastKnownFileType = image.png; path = "The Pirate's House.png"; sourceTree = "<group>"; };
		C43496761E5CBE94003D59F6 /* Tomochichi Memorial.png */ = {isa = PBXFileReference; lastKnownFileType = image.png; path = "Tomochichi Memorial.png"; sourceTree = "<group>"; };
		C43496781E5CBE9F003D59F6 /* Tomochichi.png */ = {isa = PBXFileReference; lastKnownFileType = image.png; path = Tomochichi.png; sourceTree = "<group>"; };
		C434967A1E5CBEA8003D59F6 /* Treasure Island art.png */ = {isa = PBXFileReference; lastKnownFileType = image.png; path = "Treasure Island art.png"; sourceTree = "<group>"; };
		C434967C1E5CBEAF003D59F6 /* Treasure Island book cover.png */ = {isa = PBXFileReference; lastKnownFileType = image.png; path = "Treasure Island book cover.png"; sourceTree = "<group>"; };
		C434967E1E5CBEB8003D59F6 /* Union Soldiers.png */ = {isa = PBXFileReference; lastKnownFileType = image.png; path = "Union Soldiers.png"; sourceTree = "<group>"; };
		C43496801E5CBEC4003D59F6 /* Upstairs at Moon River.png */ = {isa = PBXFileReference; lastKnownFileType = image.png; path = "Upstairs at Moon River.png"; sourceTree = "<group>"; };
		C43496821E5CBECC003D59F6 /* War Amputee.png */ = {isa = PBXFileReference; lastKnownFileType = image.png; path = "War Amputee.png"; sourceTree = "<group>"; };
		C43496841E5CBED4003D59F6 /* Wright Square.png */ = {isa = PBXFileReference; lastKnownFileType = image.png; path = "Wright Square.png"; sourceTree = "<group>"; };
		C43496861E5CBF2A003D59F6 /* Civil War amputation.png */ = {isa = PBXFileReference; lastKnownFileType = image.png; path = "Civil War amputation.png"; sourceTree = "<group>"; };
		C43496881E5CC240003D59F6 /* Images.xcassets */ = {isa = PBXFileReference; lastKnownFileType = folder; name = Images.xcassets; path = WickedWalksSavannah/Images.xcassets; sourceTree = "<group>"; };
		C434968A1E689983003D59F6 /* nolac4.mp3 */ = {isa = PBXFileReference; lastKnownFileType = audio.mp3; path = nolac4.mp3; sourceTree = "<group>"; };
		C434968C1E68998D003D59F6 /* nolac3.mp3 */ = {isa = PBXFileReference; lastKnownFileType = audio.mp3; path = nolac3.mp3; sourceTree = "<group>"; };
		C434968E1E689995003D59F6 /* nolac10.mp3 */ = {isa = PBXFileReference; lastKnownFileType = audio.mp3; path = nolac10.mp3; sourceTree = "<group>"; };
		C43496901E6899A0003D59F6 /* nolac8.mp3 */ = {isa = PBXFileReference; lastKnownFileType = audio.mp3; path = nolac8.mp3; sourceTree = "<group>"; };
		C43496921E6899A8003D59F6 /* nolac6.mp3 */ = {isa = PBXFileReference; lastKnownFileType = audio.mp3; path = nolac6.mp3; sourceTree = "<group>"; };
		C43496941E6899B3003D59F6 /* nolac5.mp3 */ = {isa = PBXFileReference; lastKnownFileType = audio.mp3; path = nolac5.mp3; sourceTree = "<group>"; };
		C43496961E6899BE003D59F6 /* nolac11.mp3 */ = {isa = PBXFileReference; lastKnownFileType = audio.mp3; path = nolac11.mp3; sourceTree = "<group>"; };
		C43496981E6899C7003D59F6 /* nolac9.mp3 */ = {isa = PBXFileReference; lastKnownFileType = audio.mp3; path = nolac9.mp3; sourceTree = "<group>"; };
		C434969C1E689A45003D59F6 /* Icon80.png */ = {isa = PBXFileReference; lastKnownFileType = image.png; path = Icon80.png; sourceTree = "<group>"; };
		C434969E1E689B18003D59F6 /* Default.png */ = {isa = PBXFileReference; lastKnownFileType = image.png; path = Default.png; sourceTree = "<group>"; };
		C43496A01E689B21003D59F6 /* Default@2x.png */ = {isa = PBXFileReference; lastKnownFileType = image.png; path = "Default@2x.png"; sourceTree = "<group>"; };
		C43496A21E689B29003D59F6 /* Default-568h@2x.png */ = {isa = PBXFileReference; lastKnownFileType = image.png; path = "Default-568h@2x.png"; sourceTree = "<group>"; };
		C43496A41E689B98003D59F6 /* Header1-568h@2x.png */ = {isa = PBXFileReference; lastKnownFileType = image.png; path = "Header1-568h@2x.png"; sourceTree = "<group>"; };
		C43496A61E689BA2003D59F6 /* Header1@2x.png */ = {isa = PBXFileReference; lastKnownFileType = image.png; path = "Header1@2x.png"; sourceTree = "<group>"; };
		C43496A81E689BAC003D59F6 /* Header1.png */ = {isa = PBXFileReference; lastKnownFileType = image.png; path = Header1.png; sourceTree = "<group>"; };
		C43496AA1E68C144003D59F6 /* Diane320.png */ = {isa = PBXFileReference; lastKnownFileType = image.png; path = Diane320.png; sourceTree = "<group>"; };
		C43496AC1E6B49D2003D59F6 /* Sorrel Weed 20's.png */ = {isa = PBXFileReference; lastKnownFileType = image.png; path = "Sorrel Weed 20's.png"; sourceTree = "<group>"; };
		C43496AE1E6B49E1003D59F6 /* Sorrel Weed basement.png */ = {isa = PBXFileReference; lastKnownFileType = image.png; path = "Sorrel Weed basement.png"; sourceTree = "<group>"; };
		C43496B21E6B4A15003D59F6 /* nolactable13.png */ = {isa = PBXFileReference; lastKnownFileType = image.png; path = nolactable13.png; sourceTree = "<group>"; };
		C43496B41E6B526E003D59F6 /* PageTwelveViewController.h */ = {isa = PBXFileReference; fileEncoding = 4; lastKnownFileType = sourcecode.c.h; path = PageTwelveViewController.h; sourceTree = "<group>"; };
		C43496B51E6B526E003D59F6 /* PageTwelveViewController.m */ = {isa = PBXFileReference; fileEncoding = 4; lastKnownFileType = sourcecode.c.objc; path = PageTwelveViewController.m; sourceTree = "<group>"; };
		C43496B61E6B526E003D59F6 /* PageTwelveViewController.xib */ = {isa = PBXFileReference; fileEncoding = 4; lastKnownFileType = file.xib; path = PageTwelveViewController.xib; sourceTree = "<group>"; };
		C43496B91E6B52AE003D59F6 /* PageThirteenViewController.h */ = {isa = PBXFileReference; fileEncoding = 4; lastKnownFileType = sourcecode.c.h; path = PageThirteenViewController.h; sourceTree = "<group>"; };
		C43496BA1E6B52AE003D59F6 /* PageThirteenViewController.m */ = {isa = PBXFileReference; fileEncoding = 4; lastKnownFileType = sourcecode.c.objc; path = PageThirteenViewController.m; sourceTree = "<group>"; };
		C43496BB1E6B52AE003D59F6 /* PageThirteenViewController.xib */ = {isa = PBXFileReference; fileEncoding = 4; lastKnownFileType = file.xib; path = PageThirteenViewController.xib; sourceTree = "<group>"; };
		C43496C21E6F6D42003D59F6 /* nolac13.mp3 */ = {isa = PBXFileReference; lastKnownFileType = audio.mp3; path = nolac13.mp3; sourceTree = "<group>"; };
		C43496C41E6F6D55003D59F6 /* nolac7.mp3 */ = {isa = PBXFileReference; lastKnownFileType = audio.mp3; path = nolac7.mp3; sourceTree = "<group>"; };
		C43496C61E6F6D73003D59F6 /* nolac2.mp3 */ = {isa = PBXFileReference; lastKnownFileType = audio.mp3; path = nolac2.mp3; sourceTree = "<group>"; };
		C43496C81E71E98B003D59F6 /* Olde Pink House Tavern.png */ = {isa = PBXFileReference; lastKnownFileType = image.png; path = "Olde Pink House Tavern.png"; sourceTree = "<group>"; };
		C43496CA1E71EBD1003D59F6 /* Pirate's House Tunnel.png */ = {isa = PBXFileReference; lastKnownFileType = image.png; path = "Pirate's House Tunnel.png"; sourceTree = "<group>"; };
		C43496CC1E75FA4F003D59F6 /* Battle abatis.png */ = {isa = PBXFileReference; lastKnownFileType = image.png; path = "Battle abatis.png"; sourceTree = "<group>"; };
		C43496CE1E75FA6B003D59F6 /* Death of Pulaski.png */ = {isa = PBXFileReference; lastKnownFileType = image.png; path = "Death of Pulaski.png"; sourceTree = "<group>"; };
		C43496D01E75FA91003D59F6 /* Jasper statue.png */ = {isa = PBXFileReference; lastKnownFileType = image.png; path = "Jasper statue.png"; sourceTree = "<group>"; };
		C43496D21E75FACD003D59F6 /* nolactable12.png */ = {isa = PBXFileReference; lastKnownFileType = image.png; path = nolactable12.png; sourceTree = "<group>"; };
		C43496D61E75FAF2003D59F6 /* Madison Square.png */ = {isa = PBXFileReference; lastKnownFileType = image.png; path = "Madison Square.png"; sourceTree = "<group>"; };
		C43496D81E75FB04003D59F6 /* Muir, misplaced headstones.png */ = {isa = PBXFileReference; lastKnownFileType = image.png; path = "Muir, misplaced headstones.png"; sourceTree = "<group>"; };
		C43496DA1E75FB19003D59F6 /* Onesime Legriel altered marker.png */ = {isa = PBXFileReference; lastKnownFileType = image.png; path = "Onesime Legriel altered marker.png"; sourceTree = "<group>"; };
		C43496DC1E75FB44003D59F6 /* Sorrel Weed carriage house.png */ = {isa = PBXFileReference; lastKnownFileType = image.png; path = "Sorrel Weed carriage house.png"; sourceTree = "<group>"; };
		C43496DE1E75FB4D003D59F6 /* Sorrel Weed House.png */ = {isa = PBXFileReference; lastKnownFileType = image.png; path = "Sorrel Weed House.png"; sourceTree = "<group>"; };
		C447F64E161BDD9800D11493 /* PageTenViewController.h */ = {isa = PBXFileReference; fileEncoding = 4; lastKnownFileType = sourcecode.c.h; path = PageTenViewController.h; sourceTree = "<group>"; };
		C447F64F161BDD9800D11493 /* PageTenViewController.m */ = {isa = PBXFileReference; fileEncoding = 4; lastKnownFileType = sourcecode.c.objc; path = PageTenViewController.m; sourceTree = "<group>"; };
		C447F650161BDD9800D11493 /* PageTenViewController.xib */ = {isa = PBXFileReference; lastKnownFileType = file.xib; path = PageTenViewController.xib; sourceTree = "<group>"; };
		C447F655161BDDB200D11493 /* PageElevenViewController.h */ = {isa = PBXFileReference; fileEncoding = 4; lastKnownFileType = sourcecode.c.h; path = PageElevenViewController.h; sourceTree = "<group>"; };
		C447F656161BDDB200D11493 /* PageElevenViewController.m */ = {isa = PBXFileReference; fileEncoding = 4; lastKnownFileType = sourcecode.c.objc; path = PageElevenViewController.m; sourceTree = "<group>"; };
		C447F657161BDDB200D11493 /* PageElevenViewController.xib */ = {isa = PBXFileReference; lastKnownFileType = file.xib; path = PageElevenViewController.xib; sourceTree = "<group>"; };
		C485162211AE1A6B00549246 /* AVFoundation.framework */ = {isa = PBXFileReference; lastKnownFileType = wrapper.framework; name = AVFoundation.framework; path = System/Library/Frameworks/AVFoundation.framework; sourceTree = SDKROOT; };
		C485162C11AE1A7C00549246 /* MapKit.framework */ = {isa = PBXFileReference; lastKnownFileType = wrapper.framework; name = MapKit.framework; path = System/Library/Frameworks/MapKit.framework; sourceTree = SDKROOT; };
		C485172911AF5C6100549246 /* mapViewController.h */ = {isa = PBXFileReference; fileEncoding = 4; lastKnownFileType = sourcecode.c.h; path = mapViewController.h; sourceTree = "<group>"; };
		C485172A11AF5C6100549246 /* mapViewController.m */ = {isa = PBXFileReference; fileEncoding = 4; lastKnownFileType = sourcecode.c.objc; path = mapViewController.m; sourceTree = "<group>"; };
		C485172C11AF5C6F00549246 /* wwAnnotation.h */ = {isa = PBXFileReference; fileEncoding = 4; lastKnownFileType = sourcecode.c.h; path = wwAnnotation.h; sourceTree = "<group>"; };
		C485172D11AF5C6F00549246 /* wwAnnotation.m */ = {isa = PBXFileReference; fileEncoding = 4; lastKnownFileType = sourcecode.c.objc; path = wwAnnotation.m; sourceTree = "<group>"; };
		C485172E11AF5C6F00549246 /* wwAnnotationView.h */ = {isa = PBXFileReference; fileEncoding = 4; lastKnownFileType = sourcecode.c.h; path = wwAnnotationView.h; sourceTree = "<group>"; };
		C485172F11AF5C6F00549246 /* wwAnnotationView.m */ = {isa = PBXFileReference; fileEncoding = 4; lastKnownFileType = sourcecode.c.objc; path = wwAnnotationView.m; sourceTree = "<group>"; };
		C485173311AF5C7900549246 /* PinDRed1.png */ = {isa = PBXFileReference; lastKnownFileType = image.png; path = PinDRed1.png; sourceTree = "<group>"; };
		C485173411AF5C7900549246 /* PinDRed2.png */ = {isa = PBXFileReference; lastKnownFileType = image.png; path = PinDRed2.png; sourceTree = "<group>"; };
		C485173511AF5C7900549246 /* PinDRed3.png */ = {isa = PBXFileReference; lastKnownFileType = image.png; path = PinDRed3.png; sourceTree = "<group>"; };
		C485173611AF5C7900549246 /* PinDRed4.png */ = {isa = PBXFileReference; lastKnownFileType = image.png; path = PinDRed4.png; sourceTree = "<group>"; };
		C485173711AF5C7900549246 /* PinDRed5.png */ = {isa = PBXFileReference; lastKnownFileType = image.png; path = PinDRed5.png; sourceTree = "<group>"; };
		C485173811AF5C7900549246 /* PinDRed6.png */ = {isa = PBXFileReference; lastKnownFileType = image.png; path = PinDRed6.png; sourceTree = "<group>"; };
		C485173911AF5C7900549246 /* PinDRed7.png */ = {isa = PBXFileReference; lastKnownFileType = image.png; path = PinDRed7.png; sourceTree = "<group>"; };
		C485173A11AF5C7900549246 /* PinDRed8.png */ = {isa = PBXFileReference; lastKnownFileType = image.png; path = PinDRed8.png; sourceTree = "<group>"; };
		C485183A11B0A40500549246 /* Playbutton.png */ = {isa = PBXFileReference; lastKnownFileType = image.png; path = Playbutton.png; sourceTree = "<group>"; };
		C485183C11B0A40F00549246 /* pausebutton.png */ = {isa = PBXFileReference; lastKnownFileType = image.png; path = pausebutton.png; sourceTree = "<group>"; };
		C485183E11B0A41C00549246 /* bp_btn1.png */ = {isa = PBXFileReference; lastKnownFileType = image.png; path = bp_btn1.png; sourceTree = "<group>"; };
		C485183F11B0A41C00549246 /* bp_btn2.png */ = {isa = PBXFileReference; lastKnownFileType = image.png; path = bp_btn2.png; sourceTree = "<group>"; };
		C485184211B0A42B00549246 /* volume_up.png */ = {isa = PBXFileReference; lastKnownFileType = image.png; path = volume_up.png; sourceTree = "<group>"; };
		C485184411B0A43B00549246 /* Infobutton.png */ = {isa = PBXFileReference; lastKnownFileType = image.png; path = Infobutton.png; sourceTree = "<group>"; };
		C4851B1F11B4864000549246 /* TableViewIcon.png */ = {isa = PBXFileReference; lastKnownFileType = image.png; path = TableViewIcon.png; sourceTree = "<group>"; };
		C4851B2111B4864A00549246 /* MapViewIcon.png */ = {isa = PBXFileReference; lastKnownFileType = image.png; path = MapViewIcon.png; sourceTree = "<group>"; };
		C4851B9E11B48B5500549246 /* tableViewController.h */ = {isa = PBXFileReference; fileEncoding = 4; lastKnownFileType = sourcecode.c.h; path = tableViewController.h; sourceTree = "<group>"; };
		C4851B9F11B48B5500549246 /* tableViewController.m */ = {isa = PBXFileReference; fileEncoding = 4; lastKnownFileType = sourcecode.c.objc; path = tableViewController.m; sourceTree = "<group>"; };
		C4851C5111B5E14B00549246 /* PageSixViewController.h */ = {isa = PBXFileReference; fileEncoding = 4; lastKnownFileType = sourcecode.c.h; path = PageSixViewController.h; sourceTree = "<group>"; };
		C4851C5211B5E14B00549246 /* PageSixViewController.m */ = {isa = PBXFileReference; fileEncoding = 4; lastKnownFileType = sourcecode.c.objc; path = PageSixViewController.m; sourceTree = "<group>"; };
		C4851C5311B5E14B00549246 /* PageSixViewController.xib */ = {isa = PBXFileReference; lastKnownFileType = file.xib; path = PageSixViewController.xib; sourceTree = "<group>"; };
		C4851C6411B5E19800549246 /* PageSevenViewController.h */ = {isa = PBXFileReference; fileEncoding = 4; lastKnownFileType = sourcecode.c.h; path = PageSevenViewController.h; sourceTree = "<group>"; };
		C4851C6511B5E19800549246 /* PageSevenViewController.m */ = {isa = PBXFileReference; fileEncoding = 4; lastKnownFileType = sourcecode.c.objc; path = PageSevenViewController.m; sourceTree = "<group>"; };
		C4851C6611B5E19800549246 /* PageSevenViewController.xib */ = {isa = PBXFileReference; lastKnownFileType = file.xib; path = PageSevenViewController.xib; sourceTree = "<group>"; };
		C4A5B8DD11CC5D2C00BDE06F /* PageEightViewController.h */ = {isa = PBXFileReference; fileEncoding = 4; lastKnownFileType = sourcecode.c.h; path = PageEightViewController.h; sourceTree = "<group>"; };
		C4A5B8DE11CC5D2C00BDE06F /* PageEightViewController.m */ = {isa = PBXFileReference; fileEncoding = 4; lastKnownFileType = sourcecode.c.objc; path = PageEightViewController.m; sourceTree = "<group>"; };
		C4A5B8DF11CC5D2C00BDE06F /* PageEightViewController.xib */ = {isa = PBXFileReference; lastKnownFileType = file.xib; path = PageEightViewController.xib; sourceTree = "<group>"; };
		C4E93FAE11BAB87F0021141A /* LargePhotoViewController.h */ = {isa = PBXFileReference; fileEncoding = 4; lastKnownFileType = sourcecode.c.h; path = LargePhotoViewController.h; sourceTree = "<group>"; };
		C4E93FAF11BAB87F0021141A /* LargePhotoViewController.m */ = {isa = PBXFileReference; fileEncoding = 4; lastKnownFileType = sourcecode.c.objc; path = LargePhotoViewController.m; sourceTree = "<group>"; };
		C4F1096E11E81729003EAFD2 /* WickedWalksSavannah.app */ = {isa = PBXFileReference; explicitFileType = wrapper.application; includeInIndex = 0; path = WickedWalksSavannah.app; sourceTree = BUILT_PRODUCTS_DIR; };
		C4F75A2F1E7742EE008041B9 /* Civil war casualties.png */ = {isa = PBXFileReference; lastKnownFileType = image.png; path = "Civil war casualties.png"; sourceTree = "<group>"; };
		C4F75A311E774351008041B9 /* Siege of Savannah.png */ = {isa = PBXFileReference; lastKnownFileType = image.png; path = "Siege of Savannah.png"; sourceTree = "<group>"; };
		C4F75A331E78150E008041B9 /* nolac1.mp3 */ = {isa = PBXFileReference; lastKnownFileType = audio.mp3; path = nolac1.mp3; sourceTree = "<group>"; };
		C4F75A351E781529008041B9 /* nolac12.mp3 */ = {isa = PBXFileReference; lastKnownFileType = audio.mp3; path = nolac12.mp3; sourceTree = "<group>"; };
/* End PBXFileReference section */

/* Begin PBXFrameworksBuildPhase section */
		1D60588F0D05DD3D006BFB54 /* Frameworks */ = {
			isa = PBXFrameworksBuildPhase;
			buildActionMask = 2147483647;
			files = (
				C421F8A1206EB44D00ECFCDA /* CoreLocation.framework in Frameworks */,
				1D60589E0D05DD5A006BFB54 /* CoreFoundation.framework in Frameworks */,
				1DF5F4E00D08C38300B7A737 /* UIKit.framework in Frameworks */,
				1D3623EC0D0F72F000981E51 /* CoreGraphics.framework in Frameworks */,
				53D090D90FA2391E00BB0543 /* Foundation.framework in Frameworks */,
				C485162311AE1A6B00549246 /* AVFoundation.framework in Frameworks */,
				C485162D11AE1A7C00549246 /* MapKit.framework in Frameworks */,
			);
			runOnlyForDeploymentPostprocessing = 0;
		};
/* End PBXFrameworksBuildPhase section */

/* Begin PBXGroup section */
		19C28FACFE9D520D11CA2CBB /* Products */ = {
			isa = PBXGroup;
			children = (
				C4F1096E11E81729003EAFD2 /* WickedWalksSavannah.app */,
			);
			name = Products;
			sourceTree = "<group>";
		};
		29B97314FDCFA39411CA2CEA /* Toolbar */ = {
			isa = PBXGroup;
			children = (
				539C376E0DB8003400A5E2BB /* ReadMe.txt */,
				29B97315FDCFA39411CA2CEA /* Sources */,
				29B97317FDCFA39411CA2CEA /* Resources */,
				29B97323FDCFA39411CA2CEA /* Frameworks */,
				19C28FACFE9D520D11CA2CBB /* Products */,
			);
			name = Toolbar;
			sourceTree = "<group>";
		};
		29B97315FDCFA39411CA2CEA /* Sources */ = {
			isa = PBXGroup;
			children = (
				C485174A11AF5D3200549246 /* AppDelegate */,
				C485172311AF5C2000549246 /* MapView */,
				C4851B9D11B48B3F00549246 /* TableView */,
				531F16C10D6368DA003D33FB /* DetailViewControllers */,
				C42BAF9E11BF316B00D9F604 /* InfoViewControllers */,
			);
			name = Sources;
			sourceTree = "<group>";
		};
		29B97317FDCFA39411CA2CEA /* Resources */ = {
			isa = PBXGroup;
			children = (
				C43496881E5CC240003D59F6 /* Images.xcassets */,
				C43496281E5CBCEC003D59F6 /* Icon29.png */,
				C434962A1E5CBCF4003D59F6 /* Icon50.png */,
				C434962C1E5CBCFE003D59F6 /* Icon.png */,
				C434962E1E5CBD0C003D59F6 /* Icon58.png */,
				C43496301E5CBD19003D59F6 /* Icon72.png */,
				C434969C1E689A45003D59F6 /* Icon80.png */,
				C43496321E5CBD20003D59F6 /* Icon114.png */,
				C43496341E5CBD29003D59F6 /* Icon120.png */,
				C43496361E5CBD33003D59F6 /* Icon180.png */,
				C434969E1E689B18003D59F6 /* Default.png */,
				C43496A01E689B21003D59F6 /* Default@2x.png */,
				C43496A21E689B29003D59F6 /* Default-568h@2x.png */,
				C43496A81E689BAC003D59F6 /* Header1.png */,
				C43496A61E689BA2003D59F6 /* Header1@2x.png */,
				C43496A41E689B98003D59F6 /* Header1-568h@2x.png */,
				C42BAFBF11BF369300D9F604 /* InfoXIB */,
				C42BAFBE11BF366B00D9F604 /* DetailXIB */,
				C4E9401511BB0A5E0021141A /* Images */,
				C4851BD811B4905300549246 /* Buttons */,
				C4851BC711B4902100549246 /* TableViewPhotos */,
				C485173211AF5C7900549246 /* Pins */,
				C48515D311AE17E300549246 /* Audio */,
				537204DA0DC28C310048CDA2 /* Localizable.strings */,
				537204DC0DC28C310048CDA2 /* InfoPlist.strings */,
				537204CE0DC28C260048CDA2 /* MainWindow.xib */,
				8D1107310486CEB800E47090 /* Info.plist */,
			);
			name = Resources;
			sourceTree = "<group>";
		};
		29B97323FDCFA39411CA2CEA /* Frameworks */ = {
			isa = PBXGroup;
			children = (
				C421F8A0206EB44D00ECFCDA /* CoreLocation.framework */,
				C485162C11AE1A7C00549246 /* MapKit.framework */,
				C485162211AE1A6B00549246 /* AVFoundation.framework */,
				1D3623EB0D0F72F000981E51 /* CoreGraphics.framework */,
				1DF5F4DF0D08C38300B7A737 /* UIKit.framework */,
				1DC4B2650D05D9C8003A8154 /* CoreFoundation.framework */,
				1D30AB110D05D00D00671497 /* Foundation.framework */,
			);
			name = Frameworks;
			sourceTree = "<group>";
		};
		531F16C10D6368DA003D33FB /* DetailViewControllers */ = {
			isa = PBXGroup;
			children = (
				531F16A00D6367A3003D33FB /* PageOneViewController.h */,
				531F16980D6367A3003D33FB /* PageOneViewController.m */,
				531F169E0D6367A3003D33FB /* PageTwoViewController.h */,
				531F16970D6367A3003D33FB /* PageTwoViewController.m */,
				531F16A10D6367A3003D33FB /* PageThreeViewController.h */,
				531F169C0D6367A3003D33FB /* PageThreeViewController.m */,
				53A79EB70D70DF2A005FAC2C /* PageFourViewController.h */,
				53A79EB80D70DF2A005FAC2C /* PageFourViewController.m */,
				538F313B0D9D5E6A0064A664 /* PageFiveViewController.h */,
				538F313C0D9D5E6A0064A664 /* PageFiveViewController.m */,
				C4851C5111B5E14B00549246 /* PageSixViewController.h */,
				C4851C5211B5E14B00549246 /* PageSixViewController.m */,
				C4851C6411B5E19800549246 /* PageSevenViewController.h */,
				C4851C6511B5E19800549246 /* PageSevenViewController.m */,
				C4A5B8DD11CC5D2C00BDE06F /* PageEightViewController.h */,
				C4A5B8DE11CC5D2C00BDE06F /* PageEightViewController.m */,
				C41E005C11FE7C370026DD31 /* PageNineViewController.h */,
				C41E005D11FE7C370026DD31 /* PageNineViewController.m */,
				C447F64E161BDD9800D11493 /* PageTenViewController.h */,
				C447F64F161BDD9800D11493 /* PageTenViewController.m */,
				C447F655161BDDB200D11493 /* PageElevenViewController.h */,
				C447F656161BDDB200D11493 /* PageElevenViewController.m */,
				C43496B41E6B526E003D59F6 /* PageTwelveViewController.h */,
				C43496B51E6B526E003D59F6 /* PageTwelveViewController.m */,
				C43496B91E6B52AE003D59F6 /* PageThirteenViewController.h */,
				C43496BA1E6B52AE003D59F6 /* PageThirteenViewController.m */,
				C4E93FAE11BAB87F0021141A /* LargePhotoViewController.h */,
				C4E93FAF11BAB87F0021141A /* LargePhotoViewController.m */,
			);
			name = DetailViewControllers;
			sourceTree = "<group>";
		};
		C42BAF9E11BF316B00D9F604 /* InfoViewControllers */ = {
			isa = PBXGroup;
			children = (
				C42BAF9A11BF316200D9F604 /* infoViewController.h */,
				C42BAF9B11BF316200D9F604 /* infoViewController.m */,
				C42BAFAA11BF363D00D9F604 /* DirectionsViewController.h */,
				C42BAFAB11BF363D00D9F604 /* DirectionsViewController.m */,
				C42BAFAF11BF364900D9F604 /* HelpViewController.h */,
				C42BAFB011BF364900D9F604 /* HelpViewController.m */,
				C42BAFB411BF365400D9F604 /* AboutViewController.h */,
				C42BAFB511BF365400D9F604 /* AboutViewController.m */,
				C42BAFB911BF365D00D9F604 /* HoursViewController.h */,
				C42BAFBA11BF365D00D9F604 /* HoursViewController.m */,
				C42BAFA511BF363000D9F604 /* TipsViewController.h */,
				C42BAFA611BF363000D9F604 /* TipsViewController.m */,
			);
			name = InfoViewControllers;
			sourceTree = "<group>";
		};
		C42BAFBE11BF366B00D9F604 /* DetailXIB */ = {
			isa = PBXGroup;
			children = (
				537204D00DC28C260048CDA2 /* PageOneViewController.xib */,
				537204D20DC28C260048CDA2 /* PageTwoViewController.xib */,
				537204C80DC28C260048CDA2 /* PageThreeViewController.xib */,
				537204CC0DC28C260048CDA2 /* PageFourViewController.xib */,
				537204CA0DC28C260048CDA2 /* PageFiveViewController.xib */,
				C4851C5311B5E14B00549246 /* PageSixViewController.xib */,
				C4851C6611B5E19800549246 /* PageSevenViewController.xib */,
				C4A5B8DF11CC5D2C00BDE06F /* PageEightViewController.xib */,
				C41E005E11FE7C370026DD31 /* PageNineViewController.xib */,
				C447F650161BDD9800D11493 /* PageTenViewController.xib */,
				C447F657161BDDB200D11493 /* PageElevenViewController.xib */,
				C43496B61E6B526E003D59F6 /* PageTwelveViewController.xib */,
				C43496BB1E6B52AE003D59F6 /* PageThirteenViewController.xib */,
			);
			name = DetailXIB;
			sourceTree = "<group>";
		};
		C42BAFBF11BF369300D9F604 /* InfoXIB */ = {
			isa = PBXGroup;
			children = (
				C42BAFAC11BF363D00D9F604 /* DirectionsViewController.xib */,
				C42BAFB111BF364900D9F604 /* HelpViewController.xib */,
				C42BAFB611BF365400D9F604 /* AboutViewController.xib */,
				C42BAFBB11BF365D00D9F604 /* HoursViewController.xib */,
				C42BAFA711BF363000D9F604 /* TipsViewController.xib */,
			);
			name = InfoXIB;
			sourceTree = "<group>";
		};
		C48515D311AE17E300549246 /* Audio */ = {
			isa = PBXGroup;
			children = (
				C4F75A331E78150E008041B9 /* nolac1.mp3 */,
				C43496C61E6F6D73003D59F6 /* nolac2.mp3 */,
				C434968C1E68998D003D59F6 /* nolac3.mp3 */,
				C434968A1E689983003D59F6 /* nolac4.mp3 */,
				C43496941E6899B3003D59F6 /* nolac5.mp3 */,
				C43496921E6899A8003D59F6 /* nolac6.mp3 */,
				C43496C41E6F6D55003D59F6 /* nolac7.mp3 */,
				C43496901E6899A0003D59F6 /* nolac8.mp3 */,
				C43496981E6899C7003D59F6 /* nolac9.mp3 */,
				C434968E1E689995003D59F6 /* nolac10.mp3 */,
				C43496961E6899BE003D59F6 /* nolac11.mp3 */,
				C4F75A351E781529008041B9 /* nolac12.mp3 */,
				C43496C21E6F6D42003D59F6 /* nolac13.mp3 */,
			);
			name = Audio;
			sourceTree = "<group>";
		};
		C485172311AF5C2000549246 /* MapView */ = {
			isa = PBXGroup;
			children = (
				C485172911AF5C6100549246 /* mapViewController.h */,
				C485172A11AF5C6100549246 /* mapViewController.m */,
				C485172C11AF5C6F00549246 /* wwAnnotation.h */,
				C485172D11AF5C6F00549246 /* wwAnnotation.m */,
				C485172E11AF5C6F00549246 /* wwAnnotationView.h */,
				C485172F11AF5C6F00549246 /* wwAnnotationView.m */,
			);
			name = MapView;
			sourceTree = "<group>";
		};
		C485173211AF5C7900549246 /* Pins */ = {
			isa = PBXGroup;
			children = (
				C485173311AF5C7900549246 /* PinDRed1.png */,
				C485173411AF5C7900549246 /* PinDRed2.png */,
				C485173511AF5C7900549246 /* PinDRed3.png */,
				C485173611AF5C7900549246 /* PinDRed4.png */,
				C485173711AF5C7900549246 /* PinDRed5.png */,
				C485173811AF5C7900549246 /* PinDRed6.png */,
				C485173911AF5C7900549246 /* PinDRed7.png */,
				C485173A11AF5C7900549246 /* PinDRed8.png */,
				C41EFDD611FE69A00026DD31 /* PinDRed9.png */,
				C41EFDD711FE69A00026DD31 /* PinDRed10.png */,
				C41EFDD811FE69A00026DD31 /* PinDRed11.png */,
				C41EFDD911FE69A00026DD31 /* PinDRed12.png */,
				C41EFDDA11FE69A00026DD31 /* PinDRed13.png */,
			);
			name = Pins;
			sourceTree = "<group>";
		};
		C485174A11AF5D3200549246 /* AppDelegate */ = {
			isa = PBXGroup;
			children = (
				531F16910D63677B003D33FB /* Prefix.pch */,
				29B97316FDCFA39411CA2CEA /* main.m */,
				531F169F0D6367A3003D33FB /* Constants.h */,
				531F16A40D6367A3003D33FB /* AppDelegate.h */,
				531F16990D6367A3003D33FB /* AppDelegate.m */,
			);
			name = AppDelegate;
			sourceTree = "<group>";
		};
		C4851B9D11B48B3F00549246 /* TableView */ = {
			isa = PBXGroup;
			children = (
				C4851B9E11B48B5500549246 /* tableViewController.h */,
				C4851B9F11B48B5500549246 /* tableViewController.m */,
			);
			name = TableView;
			sourceTree = "<group>";
		};
		C4851BC711B4902100549246 /* TableViewPhotos */ = {
			isa = PBXGroup;
			children = (
				C434965E1E5CBE36003D59F6 /* nolactable1.png */,
				C43496601E5CBE3C003D59F6 /* nolactable2.png */,
				C43496621E5CBE42003D59F6 /* nolactable3.png */,
				C43496641E5CBE48003D59F6 /* nolactable4.png */,
				C43496661E5CBE4E003D59F6 /* nolactable5.png */,
				C434966A1E5CBE5C003D59F6 /* nolactable6.png */,
				C43496681E5CBE56003D59F6 /* nolactable7.png */,
				C43496721E5CBE7A003D59F6 /* nolactable8.png */,
				C43496701E5CBE73003D59F6 /* nolactable9.png */,
				C434966E1E5CBE6C003D59F6 /* nolactable10.png */,
				C434966C1E5CBE63003D59F6 /* nolactable11.png */,
				C43496D21E75FACD003D59F6 /* nolactable12.png */,
				C43496B21E6B4A15003D59F6 /* nolactable13.png */,
			);
			name = TableViewPhotos;
			sourceTree = "<group>";
		};
		C4851BD811B4905300549246 /* Buttons */ = {
			isa = PBXGroup;
			children = (
				C41387EF18E73A7B00BB84CF /* back12.png */,
				C41387F118E73A8100BB84CF /* forward12.png */,
				C4851B2111B4864A00549246 /* MapViewIcon.png */,
				C4851B1F11B4864000549246 /* TableViewIcon.png */,
				C485183A11B0A40500549246 /* Playbutton.png */,
				C485183C11B0A40F00549246 /* pausebutton.png */,
				C485183E11B0A41C00549246 /* bp_btn1.png */,
				C485183F11B0A41C00549246 /* bp_btn2.png */,
				C485184211B0A42B00549246 /* volume_up.png */,
				C485184411B0A43B00549246 /* Infobutton.png */,
			);
			name = Buttons;
			sourceTree = "<group>";
		};
		C4E9401511BB0A5E0021141A /* Images */ = {
			isa = PBXGroup;
			children = (
				C43496181E5CBC5D003D59F6 /* 1790 Inn.png */,
				C434961A1E5CBC6A003D59F6 /* 1790 sign.png */,
				C43496CC1E75FA4F003D59F6 /* Battle abatis.png */,
				C43496861E5CBF2A003D59F6 /* Civil War amputation.png */,
				C4F75A2F1E7742EE008041B9 /* Civil war casualties.png */,
				C434961C1E5CBC73003D59F6 /* Civil War Savannah.png */,
				C434961E1E5CBC7E003D59F6 /* Colonial Park Cemetery.png */,
				C43496201E5CBC86003D59F6 /* Colonial Park Gate.png */,
				C43496AA1E68C144003D59F6 /* Diane320.png */,
				C43496221E5CBC8F003D59F6 /* Davenport House.png */,
				C43496CE1E75FA6B003D59F6 /* Death of Pulaski.png */,
				C43496261E5CBC9F003D59F6 /* Gallows.png */,
				C434963A1E5CBD57003D59F6 /* Ironwork Angel.png */,
				C434963C1E5CBD65003D59F6 /* J Habersham Jr.png */,
				C43496D01E75FA91003D59F6 /* Jasper statue.png */,
				C43496441E5CBD9A003D59F6 /* Juliette Low House.png */,
				C43496461E5CBDAE003D59F6 /* Juliette Low.png */,
				C43496481E5CBDBF003D59F6 /* Kehoe House.png */,
				C43496D61E75FAF2003D59F6 /* Madison Square.png */,
				C434964A1E5CBDCC003D59F6 /* Marshall House.png */,
				C434964C1E5CBDD5003D59F6 /* Moon River Brewery.png */,
				C434964E1E5CBDDC003D59F6 /* Moon River upstairs.png */,
				C43496501E5CBDEF003D59F6 /* Muir altered headstone.png */,
				C43496D81E75FB04003D59F6 /* Muir, misplaced headstones.png */,
				C43496521E5CBDF6003D59F6 /* Olde Pink House.png */,
				C43496C81E71E98B003D59F6 /* Olde Pink House Tavern.png */,
				C43496DA1E75FB19003D59F6 /* Onesime Legriel altered marker.png */,
				C43496CA1E71EBD1003D59F6 /* Pirate's House Tunnel.png */,
				C43496561E5CBE08003D59F6 /* Recovering bodies.png */,
				C434965A1E5CBE1C003D59F6 /* Savannah Fire.png */,
				C4F75A311E774351008041B9 /* Siege of Savannah.png */,
				C434965C1E5CBE25003D59F6 /* Six Pence Pub.png */,
				C43496DE1E75FB4D003D59F6 /* Sorrel Weed House.png */,
				C43496AC1E6B49D2003D59F6 /* Sorrel Weed 20's.png */,
				C43496AE1E6B49E1003D59F6 /* Sorrel Weed basement.png */,
				C43496DC1E75FB44003D59F6 /* Sorrel Weed carriage house.png */,
				C43496741E5CBE85003D59F6 /* The Pirate's House.png */,
				C43496781E5CBE9F003D59F6 /* Tomochichi.png */,
				C43496761E5CBE94003D59F6 /* Tomochichi Memorial.png */,
				C434967A1E5CBEA8003D59F6 /* Treasure Island art.png */,
				C434967C1E5CBEAF003D59F6 /* Treasure Island book cover.png */,
				C434967E1E5CBEB8003D59F6 /* Union Soldiers.png */,
				C43496801E5CBEC4003D59F6 /* Upstairs at Moon River.png */,
				C43496821E5CBECC003D59F6 /* War Amputee.png */,
				C43496841E5CBED4003D59F6 /* Wright Square.png */,
			);
			name = Images;
			sourceTree = "<group>";
		};
/* End PBXGroup section */

/* Begin PBXNativeTarget section */
		1D6058900D05DD3D006BFB54 /* WickedWalksSavannah */ = {
			isa = PBXNativeTarget;
			buildConfigurationList = 1D6058960D05DD3E006BFB54 /* Build configuration list for PBXNativeTarget "WickedWalksSavannah" */;
			buildPhases = (
				1D60588D0D05DD3D006BFB54 /* Resources */,
				1D60588E0D05DD3D006BFB54 /* Sources */,
				1D60588F0D05DD3D006BFB54 /* Frameworks */,
			);
			buildRules = (
			);
			dependencies = (
			);
			name = WickedWalksSavannah;
			productName = foo;
			productReference = C4F1096E11E81729003EAFD2 /* WickedWalksSavannah.app */;
			productType = "com.apple.product-type.application";
		};
/* End PBXNativeTarget section */

/* Begin PBXProject section */
		29B97313FDCFA39411CA2CEA /* Project object */ = {
			isa = PBXProject;
			attributes = {
				LastUpgradeCheck = 0510;
				TargetAttributes = {
					1D6058900D05DD3D006BFB54 = {
						DevelopmentTeam = 5G4385EGEP;
					};
				};
			};
			buildConfigurationList = C01FCF4E08A954540054247B /* Build configuration list for PBXProject "WickedWalksSavannah" */;
			compatibilityVersion = "Xcode 3.2";
			hasScannedForEncodings = 1;
			knownRegions = (
				English,
				Japanese,
				French,
				German,
				en,
			);
			mainGroup = 29B97314FDCFA39411CA2CEA /* Toolbar */;
			projectDirPath = "";
			projectRoot = "";
			targets = (
				1D6058900D05DD3D006BFB54 /* WickedWalksSavannah */,
			);
		};
/* End PBXProject section */

/* Begin PBXResourcesBuildPhase section */
		1D60588D0D05DD3D006BFB54 /* Resources */ = {
			isa = PBXResourcesBuildPhase;
			buildActionMask = 2147483647;
			files = (
				C43496671E5CBE4E003D59F6 /* nolactable5.png in Resources */,
				537204D40DC28C260048CDA2 /* PageThreeViewController.xib in Resources */,
				C43496DF1E75FB4D003D59F6 /* Sorrel Weed House.png in Resources */,
				537204D50DC28C260048CDA2 /* PageFiveViewController.xib in Resources */,
				C434966F1E5CBE6C003D59F6 /* nolactable10.png in Resources */,
				C43496971E6899BE003D59F6 /* nolac11.mp3 in Resources */,
				C43496491E5CBDBF003D59F6 /* Kehoe House.png in Resources */,
				C434966B1E5CBE5C003D59F6 /* nolactable6.png in Resources */,
				537204D60DC28C260048CDA2 /* PageFourViewController.xib in Resources */,
				C43496BD1E6B52AE003D59F6 /* PageThirteenViewController.xib in Resources */,
				537204D70DC28C260048CDA2 /* MainWindow.xib in Resources */,
				537204D80DC28C260048CDA2 /* PageOneViewController.xib in Resources */,
				537204D90DC28C260048CDA2 /* PageTwoViewController.xib in Resources */,
				C43496AB1E68C144003D59F6 /* Diane320.png in Resources */,
				537204DE0DC28C310048CDA2 /* Localizable.strings in Resources */,
				537204DF0DC28C310048CDA2 /* InfoPlist.strings in Resources */,
				C4F75A301E7742EF008041B9 /* Civil war casualties.png in Resources */,
				C485173B11AF5C7900549246 /* PinDRed1.png in Resources */,
				C485173C11AF5C7900549246 /* PinDRed2.png in Resources */,
				C485173D11AF5C7900549246 /* PinDRed3.png in Resources */,
				C485173E11AF5C7900549246 /* PinDRed4.png in Resources */,
				C43496311E5CBD19003D59F6 /* Icon72.png in Resources */,
				C434962B1E5CBCF4003D59F6 /* Icon50.png in Resources */,
				C485173F11AF5C7900549246 /* PinDRed5.png in Resources */,
				C485174011AF5C7900549246 /* PinDRed6.png in Resources */,
				C43496CB1E71EBD1003D59F6 /* Pirate's House Tunnel.png in Resources */,
				C43496911E6899A0003D59F6 /* nolac8.mp3 in Resources */,
				C43496371E5CBD33003D59F6 /* Icon180.png in Resources */,
				C485174111AF5C7900549246 /* PinDRed7.png in Resources */,
				C43496DD1E75FB44003D59F6 /* Sorrel Weed carriage house.png in Resources */,
				C434963D1E5CBD65003D59F6 /* J Habersham Jr.png in Resources */,
				C485174211AF5C7900549246 /* PinDRed8.png in Resources */,
				C434961B1E5CBC6A003D59F6 /* 1790 sign.png in Resources */,
				C43496291E5CBCEC003D59F6 /* Icon29.png in Resources */,
				C485183B11B0A40500549246 /* Playbutton.png in Resources */,
				C485183D11B0A40F00549246 /* pausebutton.png in Resources */,
				C485184011B0A41C00549246 /* bp_btn1.png in Resources */,
				C485184111B0A41C00549246 /* bp_btn2.png in Resources */,
				C434962F1E5CBD0C003D59F6 /* Icon58.png in Resources */,
				C485184311B0A42B00549246 /* volume_up.png in Resources */,
				C485184611B0A43B00549246 /* Infobutton.png in Resources */,
				C434966D1E5CBE63003D59F6 /* nolactable11.png in Resources */,
				C43496B31E6B4A15003D59F6 /* nolactable13.png in Resources */,
				C4851B2011B4864000549246 /* TableViewIcon.png in Resources */,
				C43496331E5CBD20003D59F6 /* Icon114.png in Resources */,
				C4851B2211B4864A00549246 /* MapViewIcon.png in Resources */,
				C4851C5511B5E14B00549246 /* PageSixViewController.xib in Resources */,
				C43496951E6899B3003D59F6 /* nolac5.mp3 in Resources */,
				C4851C6811B5E19800549246 /* PageSevenViewController.xib in Resources */,
				C43496211E5CBC86003D59F6 /* Colonial Park Gate.png in Resources */,
				C42BAFA911BF363000D9F604 /* TipsViewController.xib in Resources */,
				C42BAFAE11BF363D00D9F604 /* DirectionsViewController.xib in Resources */,
				C42BAFB311BF364900D9F604 /* HelpViewController.xib in Resources */,
				C42BAFB811BF365400D9F604 /* AboutViewController.xib in Resources */,
				C43496A71E689BA2003D59F6 /* Header1@2x.png in Resources */,
				C42BAFBD11BF365D00D9F604 /* HoursViewController.xib in Resources */,
				C434968F1E689995003D59F6 /* nolac10.mp3 in Resources */,
				C434963B1E5CBD57003D59F6 /* Ironwork Angel.png in Resources */,
				C43496A91E689BAC003D59F6 /* Header1.png in Resources */,
				C43496B81E6B526E003D59F6 /* PageTwelveViewController.xib in Resources */,
				C43496D71E75FAF2003D59F6 /* Madison Square.png in Resources */,
				C4A5B8E111CC5D2C00BDE06F /* PageEightViewController.xib in Resources */,
				C434964F1E5CBDDC003D59F6 /* Moon River upstairs.png in Resources */,
				C434961F1E5CBC7E003D59F6 /* Colonial Park Cemetery.png in Resources */,
				C43496C51E6F6D55003D59F6 /* nolac7.mp3 in Resources */,
				C43496A11E689B21003D59F6 /* Default@2x.png in Resources */,
				C41387F218E73A8100BB84CF /* forward12.png in Resources */,
				C43496A31E689B29003D59F6 /* Default-568h@2x.png in Resources */,
				C41EFDDB11FE69A00026DD31 /* PinDRed9.png in Resources */,
				C43496611E5CBE3C003D59F6 /* nolactable2.png in Resources */,
				C41EFDDC11FE69A00026DD31 /* PinDRed10.png in Resources */,
				C41EFDDD11FE69A00026DD31 /* PinDRed11.png in Resources */,
				C41EFDDE11FE69A00026DD31 /* PinDRed12.png in Resources */,
				C434965F1E5CBE36003D59F6 /* nolactable1.png in Resources */,
				C41EFDDF11FE69A00026DD31 /* PinDRed13.png in Resources */,
				C434964D1E5CBDD5003D59F6 /* Moon River Brewery.png in Resources */,
				C43496AF1E6B49E1003D59F6 /* Sorrel Weed basement.png in Resources */,
				C43496C91E71E98C003D59F6 /* Olde Pink House Tavern.png in Resources */,
				C43496C31E6F6D42003D59F6 /* nolac13.mp3 in Resources */,
				C43496631E5CBE42003D59F6 /* nolactable3.png in Resources */,
				C434965D1E5CBE25003D59F6 /* Six Pence Pub.png in Resources */,
				C41E006011FE7C370026DD31 /* PageNineViewController.xib in Resources */,
				C41387F018E73A7B00BB84CF /* back12.png in Resources */,
				C43496C71E6F6D73003D59F6 /* nolac2.mp3 in Resources */,
				C43496851E5CBED4003D59F6 /* Wright Square.png in Resources */,
				C434968D1E68998D003D59F6 /* nolac3.mp3 in Resources */,
				C434967F1E5CBEB8003D59F6 /* Union Soldiers.png in Resources */,
				C43496831E5CBECC003D59F6 /* War Amputee.png in Resources */,
				C43496791E5CBE9F003D59F6 /* Tomochichi.png in Resources */,
				C43496751E5CBE85003D59F6 /* The Pirate's House.png in Resources */,
				C43496991E6899C7003D59F6 /* nolac9.mp3 in Resources */,
				C43496451E5CBD9A003D59F6 /* Juliette Low House.png in Resources */,
				C43496CD1E75FA4F003D59F6 /* Battle abatis.png in Resources */,
				C447F652161BDD9800D11493 /* PageTenViewController.xib in Resources */,
				C447F659161BDDB200D11493 /* PageElevenViewController.xib in Resources */,
				C43496A51E689B98003D59F6 /* Header1-568h@2x.png in Resources */,
				C4F75A321E774351008041B9 /* Siege of Savannah.png in Resources */,
				C434964B1E5CBDCC003D59F6 /* Marshall House.png in Resources */,
				C43496511E5CBDEF003D59F6 /* Muir altered headstone.png in Resources */,
				C43496711E5CBE73003D59F6 /* nolactable9.png in Resources */,
				C43496D11E75FA91003D59F6 /* Jasper statue.png in Resources */,
				C434961D1E5CBC73003D59F6 /* Civil War Savannah.png in Resources */,
				C43496471E5CBDAE003D59F6 /* Juliette Low.png in Resources */,
				C434962D1E5CBCFE003D59F6 /* Icon.png in Resources */,
				C43496CF1E75FA6B003D59F6 /* Death of Pulaski.png in Resources */,
				C43496191E5CBC5D003D59F6 /* 1790 Inn.png in Resources */,
				C43496771E5CBE94003D59F6 /* Tomochichi Memorial.png in Resources */,
				C43496571E5CBE08003D59F6 /* Recovering bodies.png in Resources */,
				C43496931E6899A8003D59F6 /* nolac6.mp3 in Resources */,
				C43496DB1E75FB19003D59F6 /* Onesime Legriel altered marker.png in Resources */,
				C434969D1E689A45003D59F6 /* Icon80.png in Resources */,
				C4F75A361E781529008041B9 /* nolac12.mp3 in Resources */,
				C43496AD1E6B49D2003D59F6 /* Sorrel Weed 20's.png in Resources */,
				C43496691E5CBE56003D59F6 /* nolactable7.png in Resources */,
				C43496231E5CBC8F003D59F6 /* Davenport House.png in Resources */,
				C43496811E5CBEC4003D59F6 /* Upstairs at Moon River.png in Resources */,
				C43496271E5CBC9F003D59F6 /* Gallows.png in Resources */,
				C434965B1E5CBE1C003D59F6 /* Savannah Fire.png in Resources */,
				C434967B1E5CBEA8003D59F6 /* Treasure Island art.png in Resources */,
				C43496651E5CBE48003D59F6 /* nolactable4.png in Resources */,
				C43496D91E75FB04003D59F6 /* Muir, misplaced headstones.png in Resources */,
				C43496731E5CBE7A003D59F6 /* nolactable8.png in Resources */,
				C43496531E5CBDF6003D59F6 /* Olde Pink House.png in Resources */,
				C43496871E5CBF2A003D59F6 /* Civil War amputation.png in Resources */,
				C434967D1E5CBEAF003D59F6 /* Treasure Island book cover.png in Resources */,
				C434968B1E689984003D59F6 /* nolac4.mp3 in Resources */,
				C43496351E5CBD29003D59F6 /* Icon120.png in Resources */,
				C43496891E5CC240003D59F6 /* Images.xcassets in Resources */,
				C4F75A341E78150E008041B9 /* nolac1.mp3 in Resources */,
				C434969F1E689B18003D59F6 /* Default.png in Resources */,
				C43496D31E75FACD003D59F6 /* nolactable12.png in Resources */,
			);
			runOnlyForDeploymentPostprocessing = 0;
		};
/* End PBXResourcesBuildPhase section */

/* Begin PBXSourcesBuildPhase section */
		1D60588E0D05DD3D006BFB54 /* Sources */ = {
			isa = PBXSourcesBuildPhase;
			buildActionMask = 2147483647;
			files = (
				C43496B71E6B526E003D59F6 /* PageTwelveViewController.m in Sources */,
				1D60589B0D05DD56006BFB54 /* main.m in Sources */,
				531F16A70D6367A3003D33FB /* PageTwoViewController.m in Sources */,
				531F16A80D6367A3003D33FB /* PageOneViewController.m in Sources */,
				531F16A90D6367A3003D33FB /* AppDelegate.m in Sources */,
				531F16AA0D6367A3003D33FB /* PageThreeViewController.m in Sources */,
				53A79EB90D70DF2A005FAC2C /* PageFourViewController.m in Sources */,
				538F313D0D9D5E6A0064A664 /* PageFiveViewController.m in Sources */,
				C485172B11AF5C6100549246 /* mapViewController.m in Sources */,
				C485173011AF5C6F00549246 /* wwAnnotation.m in Sources */,
				C485173111AF5C6F00549246 /* wwAnnotationView.m in Sources */,
				C4851BA011B48B5500549246 /* tableViewController.m in Sources */,
				C4851C5411B5E14B00549246 /* PageSixViewController.m in Sources */,
				C4851C6711B5E19800549246 /* PageSevenViewController.m in Sources */,
				C4E93FB011BAB87F0021141A /* LargePhotoViewController.m in Sources */,
				C42BAF9C11BF316200D9F604 /* infoViewController.m in Sources */,
				C42BAFA811BF363000D9F604 /* TipsViewController.m in Sources */,
				C42BAFAD11BF363D00D9F604 /* DirectionsViewController.m in Sources */,
				C42BAFB211BF364900D9F604 /* HelpViewController.m in Sources */,
				C42BAFB711BF365400D9F604 /* AboutViewController.m in Sources */,
				C43496BC1E6B52AE003D59F6 /* PageThirteenViewController.m in Sources */,
				C42BAFBC11BF365D00D9F604 /* HoursViewController.m in Sources */,
				C4A5B8E011CC5D2C00BDE06F /* PageEightViewController.m in Sources */,
				C41E005F11FE7C370026DD31 /* PageNineViewController.m in Sources */,
				C447F651161BDD9800D11493 /* PageTenViewController.m in Sources */,
				C447F658161BDDB200D11493 /* PageElevenViewController.m in Sources */,
			);
			runOnlyForDeploymentPostprocessing = 0;
		};
/* End PBXSourcesBuildPhase section */

/* Begin PBXVariantGroup section */
		537204C80DC28C260048CDA2 /* PageThreeViewController.xib */ = {
			isa = PBXVariantGroup;
			children = (
				537204C90DC28C260048CDA2 /* en */,
			);
			name = PageThreeViewController.xib;
			sourceTree = "<group>";
		};
		537204CA0DC28C260048CDA2 /* PageFiveViewController.xib */ = {
			isa = PBXVariantGroup;
			children = (
				537204CB0DC28C260048CDA2 /* en */,
			);
			name = PageFiveViewController.xib;
			sourceTree = "<group>";
		};
		537204CC0DC28C260048CDA2 /* PageFourViewController.xib */ = {
			isa = PBXVariantGroup;
			children = (
				537204CD0DC28C260048CDA2 /* en */,
			);
			name = PageFourViewController.xib;
			sourceTree = "<group>";
		};
		537204CE0DC28C260048CDA2 /* MainWindow.xib */ = {
			isa = PBXVariantGroup;
			children = (
				537204CF0DC28C260048CDA2 /* en */,
			);
			name = MainWindow.xib;
			sourceTree = "<group>";
		};
		537204D00DC28C260048CDA2 /* PageOneViewController.xib */ = {
			isa = PBXVariantGroup;
			children = (
				537204D10DC28C260048CDA2 /* en */,
			);
			name = PageOneViewController.xib;
			sourceTree = "<group>";
		};
		537204D20DC28C260048CDA2 /* PageTwoViewController.xib */ = {
			isa = PBXVariantGroup;
			children = (
				537204D30DC28C260048CDA2 /* en */,
			);
			name = PageTwoViewController.xib;
			sourceTree = "<group>";
		};
		537204DA0DC28C310048CDA2 /* Localizable.strings */ = {
			isa = PBXVariantGroup;
			children = (
				537204DB0DC28C310048CDA2 /* en */,
			);
			name = Localizable.strings;
			sourceTree = "<group>";
		};
		537204DC0DC28C310048CDA2 /* InfoPlist.strings */ = {
			isa = PBXVariantGroup;
			children = (
				537204DD0DC28C310048CDA2 /* en */,
			);
			name = InfoPlist.strings;
			sourceTree = "<group>";
		};
/* End PBXVariantGroup section */

/* Begin XCBuildConfiguration section */
		1D6058940D05DD3E006BFB54 /* Debug */ = {
			isa = XCBuildConfiguration;
			buildSettings = {
				ASSETCATALOG_COMPILER_APPICON_NAME = AppIcon;
				ASSETCATALOG_COMPILER_LAUNCHIMAGE_NAME = LaunchImage;
				CODE_SIGN_IDENTITY = "";
				"CODE_SIGN_IDENTITY[sdk=iphoneos*]" = "";
				COPY_PHASE_STRIP = NO;
				DEBUG_INFORMATION_FORMAT = "dwarf-with-dsym";
				GCC_DYNAMIC_NO_PIC = NO;
				GCC_OPTIMIZATION_LEVEL = 0;
				GCC_PRECOMPILE_PREFIX_HEADER = YES;
				GCC_PREFIX_HEADER = Prefix.pch;
				INFOPLIST_FILE = Info.plist;
				INSTALL_PATH = /Applications;
				IPHONEOS_DEPLOYMENT_TARGET = 8.0;
				PRODUCT_NAME = WickedWalksSavannah;
				PROVISIONING_PROFILE = "dcb79d37-bfca-4ee6-a38a-1cb9087867fb";
				"PROVISIONING_PROFILE[sdk=iphoneos*]" = "dcb79d37-bfca-4ee6-a38a-1cb9087867fb";
				TARGETED_DEVICE_FAMILY = 1;
				WRAPPER_EXTENSION = app;
			};
			name = Debug;
		};
		1D6058950D05DD3E006BFB54 /* Release */ = {
			isa = XCBuildConfiguration;
			buildSettings = {
				ASSETCATALOG_COMPILER_APPICON_NAME = AppIcon;
				ASSETCATALOG_COMPILER_LAUNCHIMAGE_NAME = LaunchImage;
				CODE_SIGN_IDENTITY = "";
				"CODE_SIGN_IDENTITY[sdk=iphoneos*]" = "";
				COPY_PHASE_STRIP = YES;
				DEBUG_INFORMATION_FORMAT = "dwarf-with-dsym";
				GCC_PRECOMPILE_PREFIX_HEADER = YES;
				GCC_PREFIX_HEADER = Prefix.pch;
				INFOPLIST_FILE = Info.plist;
				INSTALL_PATH = /Applications;
				IPHONEOS_DEPLOYMENT_TARGET = 8.0;
				PRODUCT_NAME = WickedWalksSavannah;
				PROVISIONING_PROFILE = "dcb79d37-bfca-4ee6-a38a-1cb9087867fb";
				TARGETED_DEVICE_FAMILY = 1;
				WRAPPER_EXTENSION = app;
			};
			name = Release;
		};
		C01FCF4F08A954540054247B /* Debug */ = {
			isa = XCBuildConfiguration;
			buildSettings = {
				ALWAYS_SEARCH_USER_PATHS = NO;
				CODE_SIGN_IDENTITY = "";
				GCC_TREAT_WARNINGS_AS_ERRORS = NO;
				GCC_WARN_ABOUT_RETURN_TYPE = YES;
				GCC_WARN_UNUSED_VARIABLE = YES;
				IPHONEOS_DEPLOYMENT_TARGET = 8.0;
				ONLY_ACTIVE_ARCH = YES;
				PRODUCT_NAME = WickedWalksSavannah;
				PROVISIONING_PROFILE = "dcb79d37-bfca-4ee6-a38a-1cb9087867fb";
				SDKROOT = iphoneos;
			};
			name = Debug;
		};
		C01FCF5008A954540054247B /* Release */ = {
			isa = XCBuildConfiguration;
			buildSettings = {
				ALWAYS_SEARCH_USER_PATHS = NO;
				CODE_SIGN_IDENTITY = "";
				GCC_TREAT_WARNINGS_AS_ERRORS = NO;
				GCC_WARN_ABOUT_RETURN_TYPE = YES;
				GCC_WARN_UNUSED_VARIABLE = YES;
				IPHONEOS_DEPLOYMENT_TARGET = 8.0;
				PROVISIONING_PROFILE = "dcb79d37-bfca-4ee6-a38a-1cb9087867fb";
				SDKROOT = iphoneos;
			};
			name = Release;
		};
		C4F1095311E81469003EAFD2 /* Distribution */ = {
			isa = XCBuildConfiguration;
			buildSettings = {
				ALWAYS_SEARCH_USER_PATHS = NO;
				CODE_SIGN_IDENTITY = "";
				GCC_TREAT_WARNINGS_AS_ERRORS = NO;
				GCC_WARN_ABOUT_RETURN_TYPE = YES;
				GCC_WARN_UNUSED_VARIABLE = YES;
				IPHONEOS_DEPLOYMENT_TARGET = 8.0;
				PRODUCT_NAME = WickedWalksSavannah;
				PROVISIONING_PROFILE = "dcb79d37-bfca-4ee6-a38a-1cb9087867fb";
				SDKROOT = iphoneos;
			};
			name = Distribution;
		};
		C4F1095411E81469003EAFD2 /* Distribution */ = {
			isa = XCBuildConfiguration;
			buildSettings = {
				ASSETCATALOG_COMPILER_APPICON_NAME = AppIcon;
				ASSETCATALOG_COMPILER_LAUNCHIMAGE_NAME = LaunchImage;
				CODE_SIGN_IDENTITY = "";
				"CODE_SIGN_IDENTITY[sdk=iphoneos*]" = "";
				COPY_PHASE_STRIP = YES;
				DEBUG_INFORMATION_FORMAT = "dwarf-with-dsym";
				GCC_PRECOMPILE_PREFIX_HEADER = YES;
				GCC_PREFIX_HEADER = Prefix.pch;
				INFOPLIST_FILE = Info.plist;
				INSTALL_PATH = /Applications;
				IPHONEOS_DEPLOYMENT_TARGET = 8.0;
				PRODUCT_NAME = WickedWalksSavannah;
				PROVISIONING_PROFILE = "dcb79d37-bfca-4ee6-a38a-1cb9087867fb";
				TARGETED_DEVICE_FAMILY = 1;
				WRAPPER_EXTENSION = app;
			};
			name = Distribution;
		};
/* End XCBuildConfiguration section */

/* Begin XCConfigurationList section */
		1D6058960D05DD3E006BFB54 /* Build configuration list for PBXNativeTarget "WickedWalksSavannah" */ = {
			isa = XCConfigurationList;
			buildConfigurations = (
				1D6058940D05DD3E006BFB54 /* Debug */,
				1D6058950D05DD3E006BFB54 /* Release */,
				C4F1095411E81469003EAFD2 /* Distribution */,
			);
			defaultConfigurationIsVisible = 0;
			defaultConfigurationName = Release;
		};
		C01FCF4E08A954540054247B /* Build configuration list for PBXProject "WickedWalksSavannah" */ = {
			isa = XCConfigurationList;
			buildConfigurations = (
				C01FCF4F08A954540054247B /* Debug */,
				C01FCF5008A954540054247B /* Release */,
				C4F1095311E81469003EAFD2 /* Distribution */,
			);
			defaultConfigurationIsVisible = 0;
			defaultConfigurationName = Release;
		};
/* End XCConfigurationList section */
	};
	rootObject = 29B97313FDCFA39411CA2CEA /* Project object */;
}
